// !$*UTF8*$!
{
	archiveVersion = 1;
	classes = {
	};
	objectVersion = 55;
	objects = {

/* Begin PBXBuildFile section */
		5B049E4F2BF0CF1B00A70A50 /* BoulderLogbookTests.swift in Sources */ = {isa = PBXBuildFile; fileRef = 5B049E4E2BF0CF1B00A70A50 /* BoulderLogbookTests.swift */; };
		5B049E572BF0CF9600A70A50 /* DataModel.xcdatamodeld in Sources */ = {isa = PBXBuildFile; fileRef = A9BE3A472B8D159D004DD728 /* DataModel.xcdatamodeld */; };
		5B049E592BF0DD0D00A70A50 /* CoreDataStorageMock.swift in Sources */ = {isa = PBXBuildFile; fileRef = 5B049E582BF0DD0D00A70A50 /* CoreDataStorageMock.swift */; };
		5B049E5D2BF0E15800A70A50 /* GradeSystemServiceTests.swift in Sources */ = {isa = PBXBuildFile; fileRef = 5B049E5C2BF0E15800A70A50 /* GradeSystemServiceTests.swift */; };
		5B049E5F2BF0E16600A70A50 /* LogbookEntryServiceTests.swift in Sources */ = {isa = PBXBuildFile; fileRef = 5B049E5E2BF0E16600A70A50 /* LogbookEntryServiceTests.swift */; };
		5B1A806C2896DA4900530B01 /* DashboardSectionView.swift in Sources */ = {isa = PBXBuildFile; fileRef = 5B1A806B2896DA4900530B01 /* DashboardSectionView.swift */; };
		5B1A806E2896E3F700530B01 /* Color+Additions.swift in Sources */ = {isa = PBXBuildFile; fileRef = 5B1A806D2896E3F700530B01 /* Color+Additions.swift */; };
		5B1A807D28A04E7F00530B01 /* DashboardEntryView.swift in Sources */ = {isa = PBXBuildFile; fileRef = 5B1A807C28A04E7F00530B01 /* DashboardEntryView.swift */; };
		5B1A808028A7D6BF00530B01 /* Logbook.swift in Sources */ = {isa = PBXBuildFile; fileRef = 5B1A807F28A7D6BF00530B01 /* Logbook.swift */; };
		5B1A808228A7DA0D00530B01 /* Date+Additions.swift in Sources */ = {isa = PBXBuildFile; fileRef = 5B1A808128A7DA0D00530B01 /* Date+Additions.swift */; };
		5B2E29BB2B6E9A2F00C84633 /* ShapeStyle+Additions.swift in Sources */ = {isa = PBXBuildFile; fileRef = 5B2E29BA2B6E9A2F00C84633 /* ShapeStyle+Additions.swift */; };
		5B3CE9FB298C2C5200039FFF /* Logbook+sample.swift in Sources */ = {isa = PBXBuildFile; fileRef = 5B3CE9FA298C2C5200039FFF /* Logbook+sample.swift */; };
		5B60B50B2B60562B00917DB5 /* PlainSection.swift in Sources */ = {isa = PBXBuildFile; fileRef = 5B60B50A2B60562B00917DB5 /* PlainSection.swift */; };
		5B6D3977299AC7B100299CCA /* DiagramPage.swift in Sources */ = {isa = PBXBuildFile; fileRef = 5B6D3976299AC7B100299CCA /* DiagramPage.swift */; };
		5B6D397C299AC84D00299CCA /* DiagramPageView.swift in Sources */ = {isa = PBXBuildFile; fileRef = 5B6D397B299AC84D00299CCA /* DiagramPageView.swift */; };
		5B6D397E299ACCA400299CCA /* TopCountDiagram.swift in Sources */ = {isa = PBXBuildFile; fileRef = 5B6D397D299ACCA400299CCA /* TopCountDiagram.swift */; };
		5B6D3980299ACCAF00299CCA /* TopCountDiagramView.swift in Sources */ = {isa = PBXBuildFile; fileRef = 5B6D397F299ACCAF00299CCA /* TopCountDiagramView.swift */; };
		5B6D3983299C215200299CCA /* SessionDiagram.swift in Sources */ = {isa = PBXBuildFile; fileRef = 5B6D3982299C215200299CCA /* SessionDiagram.swift */; };
		5B6D3985299C215E00299CCA /* SessionDiagramView.swift in Sources */ = {isa = PBXBuildFile; fileRef = 5B6D3984299C215E00299CCA /* SessionDiagramView.swift */; };
		5B6DB3712A5193E4006265F0 /* LoadingIndicator.swift in Sources */ = {isa = PBXBuildFile; fileRef = 5B6DB3702A5193E4006265F0 /* LoadingIndicator.swift */; };
		5B6DB3732A519C08006265F0 /* EmptyMessageView.swift in Sources */ = {isa = PBXBuildFile; fileRef = 5B6DB3722A519C08006265F0 /* EmptyMessageView.swift */; };
		5B6DB3752A51AD20006265F0 /* ViewState.swift in Sources */ = {isa = PBXBuildFile; fileRef = 5B6DB3742A51AD20006265F0 /* ViewState.swift */; };
		5B6DB3772A51E5E1006265F0 /* AppIconList.swift in Sources */ = {isa = PBXBuildFile; fileRef = 5B6DB3762A51E5E1006265F0 /* AppIconList.swift */; };
		5B6DB3792A51E5E9006265F0 /* AppIconListView.swift in Sources */ = {isa = PBXBuildFile; fileRef = 5B6DB3782A51E5E9006265F0 /* AppIconListView.swift */; };
		5B6DB37B2A51EB95006265F0 /* AppIconView.swift in Sources */ = {isa = PBXBuildFile; fileRef = 5B6DB37A2A51EB95006265F0 /* AppIconView.swift */; };
		5BADFAAC2A47287A0010E9DB /* SummaryDiagram.swift in Sources */ = {isa = PBXBuildFile; fileRef = 5BADFAAB2A47287A0010E9DB /* SummaryDiagram.swift */; };
		5BADFAAE2A4728890010E9DB /* SummaryDiagramView.swift in Sources */ = {isa = PBXBuildFile; fileRef = 5BADFAAD2A4728890010E9DB /* SummaryDiagramView.swift */; };
		5BD8298A28B647CC0053BE8E /* EntryColorView.swift in Sources */ = {isa = PBXBuildFile; fileRef = 5BD8298928B647CC0053BE8E /* EntryColorView.swift */; };
		5BDD41EE2986819600B84BA0 /* Color+Codable.swift in Sources */ = {isa = PBXBuildFile; fileRef = 5BDD41ED2986819600B84BA0 /* Color+Codable.swift */; };
		5BDD41F02986850700B84BA0 /* Settings.swift in Sources */ = {isa = PBXBuildFile; fileRef = 5BDD41EF2986850700B84BA0 /* Settings.swift */; };
		5BDD41F329868AA400B84BA0 /* SettingsView.swift in Sources */ = {isa = PBXBuildFile; fileRef = 5BDD41F229868AA400B84BA0 /* SettingsView.swift */; };
		5BDD41F629868F9F00B84BA0 /* GradeSystem.swift in Sources */ = {isa = PBXBuildFile; fileRef = 5BDD41F529868F9F00B84BA0 /* GradeSystem.swift */; };
		5BDD41F82986905800B84BA0 /* GradeSystemList.swift in Sources */ = {isa = PBXBuildFile; fileRef = 5BDD41F72986905800B84BA0 /* GradeSystemList.swift */; };
		5BDD41FA2986909300B84BA0 /* GradeSystemListView.swift in Sources */ = {isa = PBXBuildFile; fileRef = 5BDD41F92986909300B84BA0 /* GradeSystemListView.swift */; };
		5BDD42002987086800B84BA0 /* Top.swift in Sources */ = {isa = PBXBuildFile; fileRef = 5BDD41FF2987086800B84BA0 /* Top.swift */; };
		5BDD4202298708E700B84BA0 /* GradeSystemClient.swift in Sources */ = {isa = PBXBuildFile; fileRef = 5BDD4201298708E700B84BA0 /* GradeSystemClient.swift */; };
		5BDD4208298829D600B84BA0 /* GradeSystemFormView.swift in Sources */ = {isa = PBXBuildFile; fileRef = 5BDD4207298829D600B84BA0 /* GradeSystemFormView.swift */; };
		5BDD420A298829DB00B84BA0 /* GradeSystemForm.swift in Sources */ = {isa = PBXBuildFile; fileRef = 5BDD4209298829DB00B84BA0 /* GradeSystemForm.swift */; };
		5BDD420D2988319E00B84BA0 /* RectangularButton.swift in Sources */ = {isa = PBXBuildFile; fileRef = 5BDD420C2988319E00B84BA0 /* RectangularButton.swift */; };
		5BDD421029884E0C00B84BA0 /* EdgeInsets+zero.swift in Sources */ = {isa = PBXBuildFile; fileRef = 5BDD420F29884E0C00B84BA0 /* EdgeInsets+zero.swift */; };
		5BDD421229885FA600B84BA0 /* Collection+safe.swift in Sources */ = {isa = PBXBuildFile; fileRef = 5BDD421129885FA600B84BA0 /* Collection+safe.swift */; };
		5BE273F92B5862C90004DD27 /* PlainPicker.swift in Sources */ = {isa = PBXBuildFile; fileRef = 5BE273F82B5862C90004DD27 /* PlainPicker.swift */; };
		5BE273FB2B5870C60004DD27 /* PlainList.swift in Sources */ = {isa = PBXBuildFile; fileRef = 5BE273FA2B5870C60004DD27 /* PlainList.swift */; };
		5BFAAB342A48372B00E486DC /* AboutView.swift in Sources */ = {isa = PBXBuildFile; fileRef = 5BFAAB332A48372B00E486DC /* AboutView.swift */; };
		5BFAAB362A48400900E486DC /* About.swift in Sources */ = {isa = PBXBuildFile; fileRef = 5BFAAB352A48400900E486DC /* About.swift */; };
		5BFAAB3B2A48466B00E486DC /* UIApplicationClient.swift in Sources */ = {isa = PBXBuildFile; fileRef = 5BFAAB3A2A48466B00E486DC /* UIApplicationClient.swift */; };
		5BFAAB3D2A484BFB00E486DC /* LICENSE in Resources */ = {isa = PBXBuildFile; fileRef = 5BFAAB3C2A484BFB00E486DC /* LICENSE */; };
		5BFAAB3F2A484E0800E486DC /* DiagramPageClient.swift in Sources */ = {isa = PBXBuildFile; fileRef = 5BFAAB3E2A484E0800E486DC /* DiagramPageClient.swift */; };
		5BFD11C4298E54AB00BD41BF /* LogbookEntryClient.swift in Sources */ = {isa = PBXBuildFile; fileRef = 5BFD11C3298E54AB00BD41BF /* LogbookEntryClient.swift */; };
		5BFD11CA298FB9EB00BD41BF /* Sequence+distinct.swift in Sources */ = {isa = PBXBuildFile; fileRef = 5BFD11C9298FB9EB00BD41BF /* Sequence+distinct.swift */; };
		A936856328686CAC00E34B6C /* README.md in Resources */ = {isa = PBXBuildFile; fileRef = A936856228686CAC00E34B6C /* README.md */; };
		A9435D8429826290001DC22B /* EntryDetail.swift in Sources */ = {isa = PBXBuildFile; fileRef = A9435D8329826290001DC22B /* EntryDetail.swift */; };
		A94CFAFD2B8E9649008D34CA /* Dependencies.swift in Sources */ = {isa = PBXBuildFile; fileRef = A94CFAFC2B8E9649008D34CA /* Dependencies.swift */; };
		A961AB5D29827D8700AD89DD /* DashboardSection.swift in Sources */ = {isa = PBXBuildFile; fileRef = A961AB5C29827D8700AD89DD /* DashboardSection.swift */; };
		A9B07E672868579900AA6274 /* BoulderLogbookApp.swift in Sources */ = {isa = PBXBuildFile; fileRef = A9B07E3F2868579600AA6274 /* BoulderLogbookApp.swift */; };
		A9B07E6B2868579900AA6274 /* Assets.xcassets in Resources */ = {isa = PBXBuildFile; fileRef = A9B07E412868579900AA6274 /* Assets.xcassets */; };
		A9B07E7D2868582700AA6274 /* ComposableArchitecture in Frameworks */ = {isa = PBXBuildFile; productRef = A9B07E7C2868582700AA6274 /* ComposableArchitecture */; };
		A9B07E992868588700AA6274 /* DashboardView.swift in Sources */ = {isa = PBXBuildFile; fileRef = A9B07E7F2868588700AA6274 /* DashboardView.swift */; };
		A9B07EAB2868588700AA6274 /* AppView.swift in Sources */ = {isa = PBXBuildFile; fileRef = A9B07E8B2868588700AA6274 /* AppView.swift */; };
		A9B07EBD2868588700AA6274 /* EntryFormView.swift in Sources */ = {isa = PBXBuildFile; fileRef = A9B07E982868588700AA6274 /* EntryFormView.swift */; };
		A9BE3A422B87721D004DD728 /* ColorPickerSheet.swift in Sources */ = {isa = PBXBuildFile; fileRef = A9BE3A412B87721D004DD728 /* ColorPickerSheet.swift */; };
		A9BE3A442B8A1A85004DD728 /* ColorPickerSheetFeature.swift in Sources */ = {isa = PBXBuildFile; fileRef = A9BE3A432B8A1A85004DD728 /* ColorPickerSheetFeature.swift */; };
		A9BE3A492B8D159D004DD728 /* DataModel.xcdatamodeld in Sources */ = {isa = PBXBuildFile; fileRef = A9BE3A472B8D159D004DD728 /* DataModel.xcdatamodeld */; };
		A9BE3A4C2B8D15C1004DD728 /* CoreDataStorage.swift in Sources */ = {isa = PBXBuildFile; fileRef = A9BE3A4B2B8D15C1004DD728 /* CoreDataStorage.swift */; };
		A9BE3A4E2B8D1713004DD728 /* GradeSystemMO.swift in Sources */ = {isa = PBXBuildFile; fileRef = A9BE3A4D2B8D1713004DD728 /* GradeSystemMO.swift */; };
		A9BE3A502B8D1774004DD728 /* GradeMO.swift in Sources */ = {isa = PBXBuildFile; fileRef = A9BE3A4F2B8D1774004DD728 /* GradeMO.swift */; };
		A9BE3A532B8D1856004DD728 /* GradeSystemService.swift in Sources */ = {isa = PBXBuildFile; fileRef = A9BE3A522B8D1856004DD728 /* GradeSystemService.swift */; };
		A9BE3A552B8D1B3A004DD728 /* Grade.swift in Sources */ = {isa = PBXBuildFile; fileRef = A9BE3A542B8D1B3A004DD728 /* Grade.swift */; };
		A9C3005229828948001B51C4 /* Dashboard.swift in Sources */ = {isa = PBXBuildFile; fileRef = A9C3005129828948001B51C4 /* Dashboard.swift */; };
		A9C300582982913F001B51C4 /* EntryForm.swift in Sources */ = {isa = PBXBuildFile; fileRef = A9C300572982913F001B51C4 /* EntryForm.swift */; };
		A9C3005B298292F8001B51C4 /* AppReducer.swift in Sources */ = {isa = PBXBuildFile; fileRef = A9C3005A298292F8001B51C4 /* AppReducer.swift */; };
		A9CA5FFC2B9896A300C04BCC /* LogbookEntryService.swift in Sources */ = {isa = PBXBuildFile; fileRef = A9CA5FFB2B9896A300C04BCC /* LogbookEntryService.swift */; };
		A9CA5FFE2B98996C00C04BCC /* TopMO.swift in Sources */ = {isa = PBXBuildFile; fileRef = A9CA5FFD2B98996C00C04BCC /* TopMO.swift */; };
		A9CA60002B989A7300C04BCC /* LogbookEntryMO.swift in Sources */ = {isa = PBXBuildFile; fileRef = A9CA5FFF2B989A7300C04BCC /* LogbookEntryMO.swift */; };
		A9CA60022B989B2900C04BCC /* LogbookSectionMO.swift in Sources */ = {isa = PBXBuildFile; fileRef = A9CA60012B989B2900C04BCC /* LogbookSectionMO.swift */; };
		A9CE6764288004E400027885 /* EntryDetailView.swift in Sources */ = {isa = PBXBuildFile; fileRef = A9CE6763288004E400027885 /* EntryDetailView.swift */; };
/* End PBXBuildFile section */

/* Begin PBXContainerItemProxy section */
		5B049E502BF0CF1B00A70A50 /* PBXContainerItemProxy */ = {
			isa = PBXContainerItemProxy;
			containerPortal = A9B07E3A2868579500AA6274 /* Project object */;
			proxyType = 1;
			remoteGlobalIDString = A9B07E452868579900AA6274;
			remoteInfo = BoulderLogbook;
		};
/* End PBXContainerItemProxy section */

/* Begin PBXFileReference section */
		5B049E4C2BF0CF1B00A70A50 /* BoulderLogbookTests.xctest */ = {isa = PBXFileReference; explicitFileType = wrapper.cfbundle; includeInIndex = 0; path = BoulderLogbookTests.xctest; sourceTree = BUILT_PRODUCTS_DIR; };
		5B049E4E2BF0CF1B00A70A50 /* BoulderLogbookTests.swift */ = {isa = PBXFileReference; lastKnownFileType = sourcecode.swift; path = BoulderLogbookTests.swift; sourceTree = "<group>"; };
		5B049E582BF0DD0D00A70A50 /* CoreDataStorageMock.swift */ = {isa = PBXFileReference; lastKnownFileType = sourcecode.swift; path = CoreDataStorageMock.swift; sourceTree = "<group>"; };
		5B049E5C2BF0E15800A70A50 /* GradeSystemServiceTests.swift */ = {isa = PBXFileReference; lastKnownFileType = sourcecode.swift; path = GradeSystemServiceTests.swift; sourceTree = "<group>"; };
		5B049E5E2BF0E16600A70A50 /* LogbookEntryServiceTests.swift */ = {isa = PBXFileReference; lastKnownFileType = sourcecode.swift; path = LogbookEntryServiceTests.swift; sourceTree = "<group>"; };
		5B1A806B2896DA4900530B01 /* DashboardSectionView.swift */ = {isa = PBXFileReference; lastKnownFileType = sourcecode.swift; path = DashboardSectionView.swift; sourceTree = "<group>"; };
		5B1A806D2896E3F700530B01 /* Color+Additions.swift */ = {isa = PBXFileReference; lastKnownFileType = sourcecode.swift; path = "Color+Additions.swift"; sourceTree = "<group>"; };
		5B1A807C28A04E7F00530B01 /* DashboardEntryView.swift */ = {isa = PBXFileReference; lastKnownFileType = sourcecode.swift; path = DashboardEntryView.swift; sourceTree = "<group>"; };
		5B1A807F28A7D6BF00530B01 /* Logbook.swift */ = {isa = PBXFileReference; lastKnownFileType = sourcecode.swift; path = Logbook.swift; sourceTree = "<group>"; };
		5B1A808128A7DA0D00530B01 /* Date+Additions.swift */ = {isa = PBXFileReference; lastKnownFileType = sourcecode.swift; path = "Date+Additions.swift"; sourceTree = "<group>"; };
		5B2E29BA2B6E9A2F00C84633 /* ShapeStyle+Additions.swift */ = {isa = PBXFileReference; lastKnownFileType = sourcecode.swift; path = "ShapeStyle+Additions.swift"; sourceTree = "<group>"; };
		5B3CE9FA298C2C5200039FFF /* Logbook+sample.swift */ = {isa = PBXFileReference; lastKnownFileType = sourcecode.swift; path = "Logbook+sample.swift"; sourceTree = "<group>"; };
		5B60B50A2B60562B00917DB5 /* PlainSection.swift */ = {isa = PBXFileReference; lastKnownFileType = sourcecode.swift; path = PlainSection.swift; sourceTree = "<group>"; };
		5B6D3976299AC7B100299CCA /* DiagramPage.swift */ = {isa = PBXFileReference; lastKnownFileType = sourcecode.swift; path = DiagramPage.swift; sourceTree = "<group>"; };
		5B6D397B299AC84D00299CCA /* DiagramPageView.swift */ = {isa = PBXFileReference; lastKnownFileType = sourcecode.swift; path = DiagramPageView.swift; sourceTree = "<group>"; };
		5B6D397D299ACCA400299CCA /* TopCountDiagram.swift */ = {isa = PBXFileReference; lastKnownFileType = sourcecode.swift; path = TopCountDiagram.swift; sourceTree = "<group>"; };
		5B6D397F299ACCAF00299CCA /* TopCountDiagramView.swift */ = {isa = PBXFileReference; lastKnownFileType = sourcecode.swift; path = TopCountDiagramView.swift; sourceTree = "<group>"; };
		5B6D3982299C215200299CCA /* SessionDiagram.swift */ = {isa = PBXFileReference; lastKnownFileType = sourcecode.swift; path = SessionDiagram.swift; sourceTree = "<group>"; };
		5B6D3984299C215E00299CCA /* SessionDiagramView.swift */ = {isa = PBXFileReference; lastKnownFileType = sourcecode.swift; path = SessionDiagramView.swift; sourceTree = "<group>"; };
		5B6DB3702A5193E4006265F0 /* LoadingIndicator.swift */ = {isa = PBXFileReference; lastKnownFileType = sourcecode.swift; path = LoadingIndicator.swift; sourceTree = "<group>"; };
		5B6DB3722A519C08006265F0 /* EmptyMessageView.swift */ = {isa = PBXFileReference; lastKnownFileType = sourcecode.swift; path = EmptyMessageView.swift; sourceTree = "<group>"; };
		5B6DB3742A51AD20006265F0 /* ViewState.swift */ = {isa = PBXFileReference; lastKnownFileType = sourcecode.swift; path = ViewState.swift; sourceTree = "<group>"; };
		5B6DB3762A51E5E1006265F0 /* AppIconList.swift */ = {isa = PBXFileReference; lastKnownFileType = sourcecode.swift; path = AppIconList.swift; sourceTree = "<group>"; };
		5B6DB3782A51E5E9006265F0 /* AppIconListView.swift */ = {isa = PBXFileReference; lastKnownFileType = sourcecode.swift; path = AppIconListView.swift; sourceTree = "<group>"; };
		5B6DB37A2A51EB95006265F0 /* AppIconView.swift */ = {isa = PBXFileReference; lastKnownFileType = sourcecode.swift; path = AppIconView.swift; sourceTree = "<group>"; };
		5BADFAAB2A47287A0010E9DB /* SummaryDiagram.swift */ = {isa = PBXFileReference; lastKnownFileType = sourcecode.swift; path = SummaryDiagram.swift; sourceTree = "<group>"; };
		5BADFAAD2A4728890010E9DB /* SummaryDiagramView.swift */ = {isa = PBXFileReference; lastKnownFileType = sourcecode.swift; path = SummaryDiagramView.swift; sourceTree = "<group>"; };
		5BD8298928B647CC0053BE8E /* EntryColorView.swift */ = {isa = PBXFileReference; lastKnownFileType = sourcecode.swift; path = EntryColorView.swift; sourceTree = "<group>"; };
		5BDD41ED2986819600B84BA0 /* Color+Codable.swift */ = {isa = PBXFileReference; lastKnownFileType = sourcecode.swift; path = "Color+Codable.swift"; sourceTree = "<group>"; };
		5BDD41EF2986850700B84BA0 /* Settings.swift */ = {isa = PBXFileReference; lastKnownFileType = sourcecode.swift; path = Settings.swift; sourceTree = "<group>"; };
		5BDD41F229868AA400B84BA0 /* SettingsView.swift */ = {isa = PBXFileReference; lastKnownFileType = sourcecode.swift; path = SettingsView.swift; sourceTree = "<group>"; };
		5BDD41F529868F9F00B84BA0 /* GradeSystem.swift */ = {isa = PBXFileReference; lastKnownFileType = sourcecode.swift; path = GradeSystem.swift; sourceTree = "<group>"; };
		5BDD41F72986905800B84BA0 /* GradeSystemList.swift */ = {isa = PBXFileReference; lastKnownFileType = sourcecode.swift; path = GradeSystemList.swift; sourceTree = "<group>"; };
		5BDD41F92986909300B84BA0 /* GradeSystemListView.swift */ = {isa = PBXFileReference; lastKnownFileType = sourcecode.swift; path = GradeSystemListView.swift; sourceTree = "<group>"; };
		5BDD41FF2987086800B84BA0 /* Top.swift */ = {isa = PBXFileReference; lastKnownFileType = sourcecode.swift; path = Top.swift; sourceTree = "<group>"; };
		5BDD4201298708E700B84BA0 /* GradeSystemClient.swift */ = {isa = PBXFileReference; lastKnownFileType = sourcecode.swift; path = GradeSystemClient.swift; sourceTree = "<group>"; };
		5BDD4207298829D600B84BA0 /* GradeSystemFormView.swift */ = {isa = PBXFileReference; lastKnownFileType = sourcecode.swift; path = GradeSystemFormView.swift; sourceTree = "<group>"; };
		5BDD4209298829DB00B84BA0 /* GradeSystemForm.swift */ = {isa = PBXFileReference; lastKnownFileType = sourcecode.swift; path = GradeSystemForm.swift; sourceTree = "<group>"; };
		5BDD420C2988319E00B84BA0 /* RectangularButton.swift */ = {isa = PBXFileReference; lastKnownFileType = sourcecode.swift; path = RectangularButton.swift; sourceTree = "<group>"; };
		5BDD420F29884E0C00B84BA0 /* EdgeInsets+zero.swift */ = {isa = PBXFileReference; lastKnownFileType = sourcecode.swift; path = "EdgeInsets+zero.swift"; sourceTree = "<group>"; };
		5BDD421129885FA600B84BA0 /* Collection+safe.swift */ = {isa = PBXFileReference; lastKnownFileType = sourcecode.swift; path = "Collection+safe.swift"; sourceTree = "<group>"; };
		5BE273F82B5862C90004DD27 /* PlainPicker.swift */ = {isa = PBXFileReference; lastKnownFileType = sourcecode.swift; path = PlainPicker.swift; sourceTree = "<group>"; };
		5BE273FA2B5870C60004DD27 /* PlainList.swift */ = {isa = PBXFileReference; lastKnownFileType = sourcecode.swift; path = PlainList.swift; sourceTree = "<group>"; };
		5BFAAB332A48372B00E486DC /* AboutView.swift */ = {isa = PBXFileReference; lastKnownFileType = sourcecode.swift; path = AboutView.swift; sourceTree = "<group>"; };
		5BFAAB352A48400900E486DC /* About.swift */ = {isa = PBXFileReference; lastKnownFileType = sourcecode.swift; path = About.swift; sourceTree = "<group>"; };
		5BFAAB3A2A48466B00E486DC /* UIApplicationClient.swift */ = {isa = PBXFileReference; lastKnownFileType = sourcecode.swift; path = UIApplicationClient.swift; sourceTree = "<group>"; };
		5BFAAB3C2A484BFB00E486DC /* LICENSE */ = {isa = PBXFileReference; lastKnownFileType = text; path = LICENSE; sourceTree = "<group>"; };
		5BFAAB3E2A484E0800E486DC /* DiagramPageClient.swift */ = {isa = PBXFileReference; lastKnownFileType = sourcecode.swift; path = DiagramPageClient.swift; sourceTree = "<group>"; };
		5BFD11C3298E54AB00BD41BF /* LogbookEntryClient.swift */ = {isa = PBXFileReference; lastKnownFileType = sourcecode.swift; path = LogbookEntryClient.swift; sourceTree = "<group>"; };
		5BFD11C9298FB9EB00BD41BF /* Sequence+distinct.swift */ = {isa = PBXFileReference; lastKnownFileType = sourcecode.swift; path = "Sequence+distinct.swift"; sourceTree = "<group>"; };
		A936856228686CAC00E34B6C /* README.md */ = {isa = PBXFileReference; fileEncoding = 4; lastKnownFileType = net.daringfireball.markdown; path = README.md; sourceTree = "<group>"; };
		A9435D8329826290001DC22B /* EntryDetail.swift */ = {isa = PBXFileReference; lastKnownFileType = sourcecode.swift; path = EntryDetail.swift; sourceTree = "<group>"; };
		A9435D8529826D6B001DC22B /* Info.plist */ = {isa = PBXFileReference; lastKnownFileType = text.plist; path = Info.plist; sourceTree = "<group>"; };
		A94CFAFC2B8E9649008D34CA /* Dependencies.swift */ = {isa = PBXFileReference; lastKnownFileType = sourcecode.swift; path = Dependencies.swift; sourceTree = "<group>"; };
		A961AB5C29827D8700AD89DD /* DashboardSection.swift */ = {isa = PBXFileReference; lastKnownFileType = sourcecode.swift; path = DashboardSection.swift; sourceTree = "<group>"; };
		A9B07E3F2868579600AA6274 /* BoulderLogbookApp.swift */ = {isa = PBXFileReference; lastKnownFileType = sourcecode.swift; path = BoulderLogbookApp.swift; sourceTree = "<group>"; };
		A9B07E412868579900AA6274 /* Assets.xcassets */ = {isa = PBXFileReference; lastKnownFileType = folder.assetcatalog; path = Assets.xcassets; sourceTree = "<group>"; };
		A9B07E462868579900AA6274 /* BoulderLogbook.app */ = {isa = PBXFileReference; explicitFileType = wrapper.application; includeInIndex = 0; path = BoulderLogbook.app; sourceTree = BUILT_PRODUCTS_DIR; };
		A9B07E7F2868588700AA6274 /* DashboardView.swift */ = {isa = PBXFileReference; fileEncoding = 4; lastKnownFileType = sourcecode.swift; path = DashboardView.swift; sourceTree = "<group>"; };
		A9B07E8B2868588700AA6274 /* AppView.swift */ = {isa = PBXFileReference; fileEncoding = 4; lastKnownFileType = sourcecode.swift; path = AppView.swift; sourceTree = "<group>"; };
		A9B07E982868588700AA6274 /* EntryFormView.swift */ = {isa = PBXFileReference; fileEncoding = 4; lastKnownFileType = sourcecode.swift; path = EntryFormView.swift; sourceTree = "<group>"; };
		A9BE3A412B87721D004DD728 /* ColorPickerSheet.swift */ = {isa = PBXFileReference; lastKnownFileType = sourcecode.swift; path = ColorPickerSheet.swift; sourceTree = "<group>"; };
		A9BE3A432B8A1A85004DD728 /* ColorPickerSheetFeature.swift */ = {isa = PBXFileReference; lastKnownFileType = sourcecode.swift; path = ColorPickerSheetFeature.swift; sourceTree = "<group>"; };
		A9BE3A482B8D159D004DD728 /* DataModel.xcdatamodel */ = {isa = PBXFileReference; lastKnownFileType = wrapper.xcdatamodel; path = DataModel.xcdatamodel; sourceTree = "<group>"; };
		A9BE3A4B2B8D15C1004DD728 /* CoreDataStorage.swift */ = {isa = PBXFileReference; lastKnownFileType = sourcecode.swift; path = CoreDataStorage.swift; sourceTree = "<group>"; };
		A9BE3A4D2B8D1713004DD728 /* GradeSystemMO.swift */ = {isa = PBXFileReference; lastKnownFileType = sourcecode.swift; path = GradeSystemMO.swift; sourceTree = "<group>"; };
		A9BE3A4F2B8D1774004DD728 /* GradeMO.swift */ = {isa = PBXFileReference; lastKnownFileType = sourcecode.swift; path = GradeMO.swift; sourceTree = "<group>"; };
		A9BE3A522B8D1856004DD728 /* GradeSystemService.swift */ = {isa = PBXFileReference; lastKnownFileType = sourcecode.swift; path = GradeSystemService.swift; sourceTree = "<group>"; };
		A9BE3A542B8D1B3A004DD728 /* Grade.swift */ = {isa = PBXFileReference; lastKnownFileType = sourcecode.swift; path = Grade.swift; sourceTree = "<group>"; };
		A9C3005129828948001B51C4 /* Dashboard.swift */ = {isa = PBXFileReference; lastKnownFileType = sourcecode.swift; path = Dashboard.swift; sourceTree = "<group>"; };
		A9C300572982913F001B51C4 /* EntryForm.swift */ = {isa = PBXFileReference; lastKnownFileType = sourcecode.swift; path = EntryForm.swift; sourceTree = "<group>"; };
		A9C3005A298292F8001B51C4 /* AppReducer.swift */ = {isa = PBXFileReference; lastKnownFileType = sourcecode.swift; path = AppReducer.swift; sourceTree = "<group>"; };
		A9CA5FFB2B9896A300C04BCC /* LogbookEntryService.swift */ = {isa = PBXFileReference; lastKnownFileType = sourcecode.swift; path = LogbookEntryService.swift; sourceTree = "<group>"; };
		A9CA5FFD2B98996C00C04BCC /* TopMO.swift */ = {isa = PBXFileReference; lastKnownFileType = sourcecode.swift; path = TopMO.swift; sourceTree = "<group>"; };
		A9CA5FFF2B989A7300C04BCC /* LogbookEntryMO.swift */ = {isa = PBXFileReference; lastKnownFileType = sourcecode.swift; path = LogbookEntryMO.swift; sourceTree = "<group>"; };
		A9CA60012B989B2900C04BCC /* LogbookSectionMO.swift */ = {isa = PBXFileReference; lastKnownFileType = sourcecode.swift; path = LogbookSectionMO.swift; sourceTree = "<group>"; };
		A9CE6763288004E400027885 /* EntryDetailView.swift */ = {isa = PBXFileReference; lastKnownFileType = sourcecode.swift; path = EntryDetailView.swift; sourceTree = "<group>"; };
/* End PBXFileReference section */

/* Begin PBXFrameworksBuildPhase section */
		5B049E492BF0CF1B00A70A50 /* Frameworks */ = {
			isa = PBXFrameworksBuildPhase;
			buildActionMask = 2147483647;
			files = (
			);
			runOnlyForDeploymentPostprocessing = 0;
		};
		A9B07E432868579900AA6274 /* Frameworks */ = {
			isa = PBXFrameworksBuildPhase;
			buildActionMask = 2147483647;
			files = (
				A9B07E7D2868582700AA6274 /* ComposableArchitecture in Frameworks */,
			);
			runOnlyForDeploymentPostprocessing = 0;
		};
/* End PBXFrameworksBuildPhase section */

/* Begin PBXGroup section */
		5B049E4D2BF0CF1B00A70A50 /* BoulderLogbookTests */ = {
			isa = PBXGroup;
			children = (
				5B049E4E2BF0CF1B00A70A50 /* BoulderLogbookTests.swift */,
				5B049E5C2BF0E15800A70A50 /* GradeSystemServiceTests.swift */,
				5B049E5E2BF0E16600A70A50 /* LogbookEntryServiceTests.swift */,
				5B049E582BF0DD0D00A70A50 /* CoreDataStorageMock.swift */,
			);
			path = BoulderLogbookTests;
			sourceTree = "<group>";
		};
		5B1A80772896EBD100530B01 /* Extensions */ = {
			isa = PBXGroup;
			children = (
				5BDD421129885FA600B84BA0 /* Collection+safe.swift */,
				5B1A806D2896E3F700530B01 /* Color+Additions.swift */,
				5BDD41ED2986819600B84BA0 /* Color+Codable.swift */,
				5B1A808128A7DA0D00530B01 /* Date+Additions.swift */,
				5BDD420F29884E0C00B84BA0 /* EdgeInsets+zero.swift */,
				5BFD11C9298FB9EB00BD41BF /* Sequence+distinct.swift */,
			);
			path = Extensions;
			sourceTree = "<group>";
		};
		5B1A807E28A04E8200530B01 /* Views */ = {
			isa = PBXGroup;
			children = (
				5B1A807C28A04E7F00530B01 /* DashboardEntryView.swift */,
				5BD8298928B647CC0053BE8E /* EntryColorView.swift */,
			);
			path = Views;
			sourceTree = "<group>";
		};
		5B6B93122A5365C90013D634 /* Clients */ = {
			isa = PBXGroup;
			children = (
				5BFAAB3A2A48466B00E486DC /* UIApplicationClient.swift */,
			);
			path = Clients;
			sourceTree = "<group>";
		};
		5B6D397A299AC82A00299CCA /* DiagramPage */ = {
			isa = PBXGroup;
			children = (
				5B6D3976299AC7B100299CCA /* DiagramPage.swift */,
				5B6D397B299AC84D00299CCA /* DiagramPageView.swift */,
				5BFAAB3E2A484E0800E486DC /* DiagramPageClient.swift */,
				5BADFAAF2A4728BC0010E9DB /* SummaryDiagram */,
				5BD0E2C629A23A570079A826 /* SessionDiagram */,
				5B6D3981299C201800299CCA /* TopCountDiagram */,
			);
			path = DiagramPage;
			sourceTree = "<group>";
		};
		5B6D3981299C201800299CCA /* TopCountDiagram */ = {
			isa = PBXGroup;
			children = (
				5B6D397D299ACCA400299CCA /* TopCountDiagram.swift */,
				5B6D397F299ACCAF00299CCA /* TopCountDiagramView.swift */,
			);
			path = TopCountDiagram;
			sourceTree = "<group>";
		};
		5BADFAAF2A4728BC0010E9DB /* SummaryDiagram */ = {
			isa = PBXGroup;
			children = (
				5BADFAAB2A47287A0010E9DB /* SummaryDiagram.swift */,
				5BADFAAD2A4728890010E9DB /* SummaryDiagramView.swift */,
			);
			path = SummaryDiagram;
			sourceTree = "<group>";
		};
		5BD0E2C629A23A570079A826 /* SessionDiagram */ = {
			isa = PBXGroup;
			children = (
				5B6D3982299C215200299CCA /* SessionDiagram.swift */,
				5B6D3984299C215E00299CCA /* SessionDiagramView.swift */,
			);
			path = SessionDiagram;
			sourceTree = "<group>";
		};
		5BDD41F129868A9A00B84BA0 /* Settings */ = {
			isa = PBXGroup;
			children = (
				5BDD41EF2986850700B84BA0 /* Settings.swift */,
				5BDD41F229868AA400B84BA0 /* SettingsView.swift */,
				5B6B93122A5365C90013D634 /* Clients */,
				5BFAAB372A48401000E486DC /* About */,
				5BF68DDF2A5207660071C3F6 /* AppIconList */,
				5BDD420B298829E100B84BA0 /* GradeSystemForm */,
				5BDD41FB2986909C00B84BA0 /* GradeSystemList */,
			);
			path = Settings;
			sourceTree = "<group>";
		};
		5BDD41FB2986909C00B84BA0 /* GradeSystemList */ = {
			isa = PBXGroup;
			children = (
				5BDD41F72986905800B84BA0 /* GradeSystemList.swift */,
				5BDD41F92986909300B84BA0 /* GradeSystemListView.swift */,
			);
			path = GradeSystemList;
			sourceTree = "<group>";
		};
		5BDD420B298829E100B84BA0 /* GradeSystemForm */ = {
			isa = PBXGroup;
			children = (
				5BDD4209298829DB00B84BA0 /* GradeSystemForm.swift */,
				5BDD4207298829D600B84BA0 /* GradeSystemFormView.swift */,
				A9BE3A412B87721D004DD728 /* ColorPickerSheet.swift */,
				A9BE3A432B8A1A85004DD728 /* ColorPickerSheetFeature.swift */,
			);
			path = GradeSystemForm;
			sourceTree = "<group>";
		};
		5BDD420E298831A400B84BA0 /* Views */ = {
			isa = PBXGroup;
			children = (
				5B6DB37A2A51EB95006265F0 /* AppIconView.swift */,
				5B6DB3722A519C08006265F0 /* EmptyMessageView.swift */,
				5B6DB3702A5193E4006265F0 /* LoadingIndicator.swift */,
				5BDD420C2988319E00B84BA0 /* RectangularButton.swift */,
				5BE273F82B5862C90004DD27 /* PlainPicker.swift */,
				5BE273FA2B5870C60004DD27 /* PlainList.swift */,
				5B60B50A2B60562B00917DB5 /* PlainSection.swift */,
			);
			path = Views;
			sourceTree = "<group>";
		};
		5BE273F72B585C4B0004DD27 /* Styles */ = {
			isa = PBXGroup;
			children = (
				5B2E29BA2B6E9A2F00C84633 /* ShapeStyle+Additions.swift */,
			);
			path = Styles;
			sourceTree = "<group>";
		};
		5BF68DDF2A5207660071C3F6 /* AppIconList */ = {
			isa = PBXGroup;
			children = (
				5B6DB3762A51E5E1006265F0 /* AppIconList.swift */,
				5B6DB3782A51E5E9006265F0 /* AppIconListView.swift */,
			);
			path = AppIconList;
			sourceTree = "<group>";
		};
		5BFAAB372A48401000E486DC /* About */ = {
			isa = PBXGroup;
			children = (
				5BFAAB352A48400900E486DC /* About.swift */,
				5BFAAB332A48372B00E486DC /* AboutView.swift */,
			);
			path = About;
			sourceTree = "<group>";
		};
		A9B07E392868579500AA6274 = {
			isa = PBXGroup;
			children = (
				A936856228686CAC00E34B6C /* README.md */,
				5BFAAB3C2A484BFB00E486DC /* LICENSE */,
				A9B07E3E2868579600AA6274 /* BoulderLogbook */,
				5B049E4D2BF0CF1B00A70A50 /* BoulderLogbookTests */,
				A9B07E472868579900AA6274 /* Products */,
			);
			sourceTree = "<group>";
		};
		A9B07E3E2868579600AA6274 /* BoulderLogbook */ = {
			isa = PBXGroup;
			children = (
				A9435D8529826D6B001DC22B /* Info.plist */,
				A9B07E3F2868579600AA6274 /* BoulderLogbookApp.swift */,
				A94CFAFC2B8E9649008D34CA /* Dependencies.swift */,
				A9BE3A4A2B8D15AE004DD728 /* Storage */,
				A9B07E852868588700AA6274 /* App */,
				A9C3005329829070001B51C4 /* Dashboard */,
				5B6D397A299AC82A00299CCA /* DiagramPage */,
				A9C300592982929C001B51C4 /* EntryForm */,
				5BDD41F129868A9A00B84BA0 /* Settings */,
				A9B07E412868579900AA6274 /* Assets.xcassets */,
			);
			path = BoulderLogbook;
			sourceTree = "<group>";
		};
		A9B07E472868579900AA6274 /* Products */ = {
			isa = PBXGroup;
			children = (
				A9B07E462868579900AA6274 /* BoulderLogbook.app */,
				5B049E4C2BF0CF1B00A70A50 /* BoulderLogbookTests.xctest */,
			);
			name = Products;
			sourceTree = "<group>";
		};
		A9B07E852868588700AA6274 /* App */ = {
			isa = PBXGroup;
			children = (
				A9C3005A298292F8001B51C4 /* AppReducer.swift */,
				A9B07E8B2868588700AA6274 /* AppView.swift */,
				5B1A80772896EBD100530B01 /* Extensions */,
				A9B07E8C2868588700AA6274 /* Models */,
				5BE273F72B585C4B0004DD27 /* Styles */,
				5BDD420E298831A400B84BA0 /* Views */,
			);
			path = App;
			sourceTree = "<group>";
		};
		A9B07E8C2868588700AA6274 /* Models */ = {
			isa = PBXGroup;
			children = (
				A9BE3A542B8D1B3A004DD728 /* Grade.swift */,
				5BDD41F529868F9F00B84BA0 /* GradeSystem.swift */,
				5B1A807F28A7D6BF00530B01 /* Logbook.swift */,
				5B3CE9FA298C2C5200039FFF /* Logbook+sample.swift */,
				5BDD41FF2987086800B84BA0 /* Top.swift */,
				5B6DB3742A51AD20006265F0 /* ViewState.swift */,
			);
			path = Models;
			sourceTree = "<group>";
		};
		A9BE3A4A2B8D15AE004DD728 /* Storage */ = {
			isa = PBXGroup;
			children = (
				A9BE3A472B8D159D004DD728 /* DataModel.xcdatamodeld */,
				A9BE3A4B2B8D15C1004DD728 /* CoreDataStorage.swift */,
				A9CA5FFA2B9893A100C04BCC /* Clients */,
				A9CA5FF92B98938B00C04BCC /* Services */,
				A9BE3A512B8D183E004DD728 /* Models */,
			);
			path = Storage;
			sourceTree = "<group>";
		};
		A9BE3A512B8D183E004DD728 /* Models */ = {
			isa = PBXGroup;
			children = (
				A9BE3A4F2B8D1774004DD728 /* GradeMO.swift */,
				A9BE3A4D2B8D1713004DD728 /* GradeSystemMO.swift */,
				A9CA5FFF2B989A7300C04BCC /* LogbookEntryMO.swift */,
				A9CA60012B989B2900C04BCC /* LogbookSectionMO.swift */,
				A9CA5FFD2B98996C00C04BCC /* TopMO.swift */,
			);
			path = Models;
			sourceTree = "<group>";
		};
		A9C3005329829070001B51C4 /* Dashboard */ = {
			isa = PBXGroup;
			children = (
				A9C3005129828948001B51C4 /* Dashboard.swift */,
				A9B07E7F2868588700AA6274 /* DashboardView.swift */,
				A9C300542982907D001B51C4 /* DashboardSection */,
				A9CE6761288004D300027885 /* EntryDetail */,
			);
			path = Dashboard;
			sourceTree = "<group>";
		};
		A9C300542982907D001B51C4 /* DashboardSection */ = {
			isa = PBXGroup;
			children = (
				A961AB5C29827D8700AD89DD /* DashboardSection.swift */,
				5B1A806B2896DA4900530B01 /* DashboardSectionView.swift */,
				5B1A807E28A04E8200530B01 /* Views */,
			);
			path = DashboardSection;
			sourceTree = "<group>";
		};
		A9C300592982929C001B51C4 /* EntryForm */ = {
			isa = PBXGroup;
			children = (
				A9C300572982913F001B51C4 /* EntryForm.swift */,
				A9B07E982868588700AA6274 /* EntryFormView.swift */,
			);
			path = EntryForm;
			sourceTree = "<group>";
		};
		A9CA5FF92B98938B00C04BCC /* Services */ = {
			isa = PBXGroup;
			children = (
				A9BE3A522B8D1856004DD728 /* GradeSystemService.swift */,
				A9CA5FFB2B9896A300C04BCC /* LogbookEntryService.swift */,
			);
			path = Services;
			sourceTree = "<group>";
		};
		A9CA5FFA2B9893A100C04BCC /* Clients */ = {
			isa = PBXGroup;
			children = (
				5BFD11C3298E54AB00BD41BF /* LogbookEntryClient.swift */,
				5BDD4201298708E700B84BA0 /* GradeSystemClient.swift */,
			);
			path = Clients;
			sourceTree = "<group>";
		};
		A9CE6761288004D300027885 /* EntryDetail */ = {
			isa = PBXGroup;
			children = (
				A9435D8329826290001DC22B /* EntryDetail.swift */,
				A9CE6763288004E400027885 /* EntryDetailView.swift */,
			);
			path = EntryDetail;
			sourceTree = "<group>";
		};
/* End PBXGroup section */

/* Begin PBXNativeTarget section */
		5B049E4B2BF0CF1B00A70A50 /* BoulderLogbookTests */ = {
			isa = PBXNativeTarget;
			buildConfigurationList = 5B049E522BF0CF1B00A70A50 /* Build configuration list for PBXNativeTarget "BoulderLogbookTests" */;
			buildPhases = (
				5B049E482BF0CF1B00A70A50 /* Sources */,
				5B049E492BF0CF1B00A70A50 /* Frameworks */,
				5B049E4A2BF0CF1B00A70A50 /* Resources */,
			);
			buildRules = (
			);
			dependencies = (
				5B049E512BF0CF1B00A70A50 /* PBXTargetDependency */,
			);
			name = BoulderLogbookTests;
			productName = BoulderLogbookTests;
			productReference = 5B049E4C2BF0CF1B00A70A50 /* BoulderLogbookTests.xctest */;
			productType = "com.apple.product-type.bundle.unit-test";
		};
		A9B07E452868579900AA6274 /* BoulderLogbook */ = {
			isa = PBXNativeTarget;
			buildConfigurationList = A9B07E6F2868579900AA6274 /* Build configuration list for PBXNativeTarget "BoulderLogbook" */;
			buildPhases = (
				A9B07E422868579900AA6274 /* Sources */,
				A9B07E432868579900AA6274 /* Frameworks */,
				A9B07E442868579900AA6274 /* Resources */,
			);
			buildRules = (
			);
			dependencies = (
			);
			name = BoulderLogbook;
			packageProductDependencies = (
				A9B07E7C2868582700AA6274 /* ComposableArchitecture */,
			);
			productName = "BoulderLogbook (iOS)";
			productReference = A9B07E462868579900AA6274 /* BoulderLogbook.app */;
			productType = "com.apple.product-type.application";
		};
/* End PBXNativeTarget section */

/* Begin PBXProject section */
		A9B07E3A2868579500AA6274 /* Project object */ = {
			isa = PBXProject;
			attributes = {
				BuildIndependentTargetsInParallel = 1;
				LastSwiftUpdateCheck = 1520;
				LastUpgradeCheck = 1520;
				TargetAttributes = {
					5B049E4B2BF0CF1B00A70A50 = {
						CreatedOnToolsVersion = 15.2;
						TestTargetID = A9B07E452868579900AA6274;
					};
					A9B07E452868579900AA6274 = {
						CreatedOnToolsVersion = 13.3.1;
					};
				};
			};
			buildConfigurationList = A9B07E3D2868579500AA6274 /* Build configuration list for PBXProject "BoulderLogbook" */;
			compatibilityVersion = "Xcode 13.0";
			developmentRegion = en;
			hasScannedForEncodings = 0;
			knownRegions = (
				en,
				Base,
			);
			mainGroup = A9B07E392868579500AA6274;
			packageReferences = (
				A9B07E7B2868582700AA6274 /* XCRemoteSwiftPackageReference "swift-composable-architecture" */,
			);
			productRefGroup = A9B07E472868579900AA6274 /* Products */;
			projectDirPath = "";
			projectRoot = "";
			targets = (
				A9B07E452868579900AA6274 /* BoulderLogbook */,
				5B049E4B2BF0CF1B00A70A50 /* BoulderLogbookTests */,
			);
		};
/* End PBXProject section */

/* Begin PBXResourcesBuildPhase section */
		5B049E4A2BF0CF1B00A70A50 /* Resources */ = {
			isa = PBXResourcesBuildPhase;
			buildActionMask = 2147483647;
			files = (
			);
			runOnlyForDeploymentPostprocessing = 0;
		};
		A9B07E442868579900AA6274 /* Resources */ = {
			isa = PBXResourcesBuildPhase;
			buildActionMask = 2147483647;
			files = (
				5BFAAB3D2A484BFB00E486DC /* LICENSE in Resources */,
				A936856328686CAC00E34B6C /* README.md in Resources */,
				A9B07E6B2868579900AA6274 /* Assets.xcassets in Resources */,
			);
			runOnlyForDeploymentPostprocessing = 0;
		};
/* End PBXResourcesBuildPhase section */

/* Begin PBXSourcesBuildPhase section */
		5B049E482BF0CF1B00A70A50 /* Sources */ = {
			isa = PBXSourcesBuildPhase;
			buildActionMask = 2147483647;
			files = (
				5B049E5D2BF0E15800A70A50 /* GradeSystemServiceTests.swift in Sources */,
				5B049E5F2BF0E16600A70A50 /* LogbookEntryServiceTests.swift in Sources */,
				5B049E592BF0DD0D00A70A50 /* CoreDataStorageMock.swift in Sources */,
				5B049E572BF0CF9600A70A50 /* DataModel.xcdatamodeld in Sources */,
				5B049E4F2BF0CF1B00A70A50 /* BoulderLogbookTests.swift in Sources */,
			);
			runOnlyForDeploymentPostprocessing = 0;
		};
		A9B07E422868579900AA6274 /* Sources */ = {
			isa = PBXSourcesBuildPhase;
			buildActionMask = 2147483647;
			files = (
				A9C3005229828948001B51C4 /* Dashboard.swift in Sources */,
				A9CA60022B989B2900C04BCC /* LogbookSectionMO.swift in Sources */,
				5B1A806C2896DA4900530B01 /* DashboardSectionView.swift in Sources */,
				5BDD41FA2986909300B84BA0 /* GradeSystemListView.swift in Sources */,
				A9B07E672868579900AA6274 /* BoulderLogbookApp.swift in Sources */,
				5BFAAB342A48372B00E486DC /* AboutView.swift in Sources */,
				5B6D3983299C215200299CCA /* SessionDiagram.swift in Sources */,
				A9BE3A4C2B8D15C1004DD728 /* CoreDataStorage.swift in Sources */,
				5B6DB3732A519C08006265F0 /* EmptyMessageView.swift in Sources */,
				5B1A808028A7D6BF00530B01 /* Logbook.swift in Sources */,
				A9435D8429826290001DC22B /* EntryDetail.swift in Sources */,
				5B1A806E2896E3F700530B01 /* Color+Additions.swift in Sources */,
				5B6DB3792A51E5E9006265F0 /* AppIconListView.swift in Sources */,
				A9C300582982913F001B51C4 /* EntryForm.swift in Sources */,
				5BADFAAE2A4728890010E9DB /* SummaryDiagramView.swift in Sources */,
				5B6DB3712A5193E4006265F0 /* LoadingIndicator.swift in Sources */,
				A9BE3A502B8D1774004DD728 /* GradeMO.swift in Sources */,
				5BDD41EE2986819600B84BA0 /* Color+Codable.swift in Sources */,
				A9BE3A4E2B8D1713004DD728 /* GradeSystemMO.swift in Sources */,
				5BFD11C4298E54AB00BD41BF /* LogbookEntryClient.swift in Sources */,
				A9BE3A552B8D1B3A004DD728 /* Grade.swift in Sources */,
				5BDD421029884E0C00B84BA0 /* EdgeInsets+zero.swift in Sources */,
				A94CFAFD2B8E9649008D34CA /* Dependencies.swift in Sources */,
				A9B07EAB2868588700AA6274 /* AppView.swift in Sources */,
				A9BE3A532B8D1856004DD728 /* GradeSystemService.swift in Sources */,
				5BE273F92B5862C90004DD27 /* PlainPicker.swift in Sources */,
				5BDD41F82986905800B84BA0 /* GradeSystemList.swift in Sources */,
				5BFAAB362A48400900E486DC /* About.swift in Sources */,
				5B6D3980299ACCAF00299CCA /* TopCountDiagramView.swift in Sources */,
				A961AB5D29827D8700AD89DD /* DashboardSection.swift in Sources */,
				5B1A807D28A04E7F00530B01 /* DashboardEntryView.swift in Sources */,
				A9CE6764288004E400027885 /* EntryDetailView.swift in Sources */,
				5BD8298A28B647CC0053BE8E /* EntryColorView.swift in Sources */,
				5BADFAAC2A47287A0010E9DB /* SummaryDiagram.swift in Sources */,
				5BDD420D2988319E00B84BA0 /* RectangularButton.swift in Sources */,
				5B6D397C299AC84D00299CCA /* DiagramPageView.swift in Sources */,
				5BDD4202298708E700B84BA0 /* GradeSystemClient.swift in Sources */,
				A9CA5FFC2B9896A300C04BCC /* LogbookEntryService.swift in Sources */,
				5B6DB3772A51E5E1006265F0 /* AppIconList.swift in Sources */,
				5BDD420A298829DB00B84BA0 /* GradeSystemForm.swift in Sources */,
				5BDD4208298829D600B84BA0 /* GradeSystemFormView.swift in Sources */,
				A9BE3A492B8D159D004DD728 /* DataModel.xcdatamodeld in Sources */,
				5B6DB3752A51AD20006265F0 /* ViewState.swift in Sources */,
				A9BE3A442B8A1A85004DD728 /* ColorPickerSheetFeature.swift in Sources */,
				5B2E29BB2B6E9A2F00C84633 /* ShapeStyle+Additions.swift in Sources */,
				5BFD11CA298FB9EB00BD41BF /* Sequence+distinct.swift in Sources */,
				5B3CE9FB298C2C5200039FFF /* Logbook+sample.swift in Sources */,
				5B6D3977299AC7B100299CCA /* DiagramPage.swift in Sources */,
				5BDD41F329868AA400B84BA0 /* SettingsView.swift in Sources */,
				A9B07E992868588700AA6274 /* DashboardView.swift in Sources */,
				A9C3005B298292F8001B51C4 /* AppReducer.swift in Sources */,
				A9CA5FFE2B98996C00C04BCC /* TopMO.swift in Sources */,
				5BE273FB2B5870C60004DD27 /* PlainList.swift in Sources */,
				5BFAAB3B2A48466B00E486DC /* UIApplicationClient.swift in Sources */,
				A9B07EBD2868588700AA6274 /* EntryFormView.swift in Sources */,
				A9BE3A422B87721D004DD728 /* ColorPickerSheet.swift in Sources */,
				5B6D3985299C215E00299CCA /* SessionDiagramView.swift in Sources */,
				5BDD41F02986850700B84BA0 /* Settings.swift in Sources */,
				5BDD42002987086800B84BA0 /* Top.swift in Sources */,
				A9CA60002B989A7300C04BCC /* LogbookEntryMO.swift in Sources */,
				5BDD41F629868F9F00B84BA0 /* GradeSystem.swift in Sources */,
				5B6D397E299ACCA400299CCA /* TopCountDiagram.swift in Sources */,
				5B1A808228A7DA0D00530B01 /* Date+Additions.swift in Sources */,
				5BFAAB3F2A484E0800E486DC /* DiagramPageClient.swift in Sources */,
				5BDD421229885FA600B84BA0 /* Collection+safe.swift in Sources */,
				5B6DB37B2A51EB95006265F0 /* AppIconView.swift in Sources */,
				5B60B50B2B60562B00917DB5 /* PlainSection.swift in Sources */,
			);
			runOnlyForDeploymentPostprocessing = 0;
		};
/* End PBXSourcesBuildPhase section */

/* Begin PBXTargetDependency section */
		5B049E512BF0CF1B00A70A50 /* PBXTargetDependency */ = {
			isa = PBXTargetDependency;
			target = A9B07E452868579900AA6274 /* BoulderLogbook */;
			targetProxy = 5B049E502BF0CF1B00A70A50 /* PBXContainerItemProxy */;
		};
/* End PBXTargetDependency section */

/* Begin XCBuildConfiguration section */
		5B049E532BF0CF1B00A70A50 /* Debug */ = {
			isa = XCBuildConfiguration;
			buildSettings = {
				ASSETCATALOG_COMPILER_GENERATE_SWIFT_ASSET_SYMBOL_EXTENSIONS = YES;
				BUNDLE_LOADER = "$(TEST_HOST)";
				CLANG_CXX_LANGUAGE_STANDARD = "gnu++20";
				CODE_SIGN_STYLE = Automatic;
				CURRENT_PROJECT_VERSION = 1;
				DEVELOPMENT_TEAM = SRTZB38F2W;
				GCC_C_LANGUAGE_STANDARD = gnu17;
				GENERATE_INFOPLIST_FILE = YES;
				IPHONEOS_DEPLOYMENT_TARGET = 17.2;
				LOCALIZATION_PREFERS_STRING_CATALOGS = YES;
				MARKETING_VERSION = 1.0;
				PRODUCT_BUNDLE_IDENTIFIER = com.martinlist.BoulderLogbookTests;
				PRODUCT_NAME = "$(TARGET_NAME)";
				SDKROOT = iphoneos;
				SWIFT_ACTIVE_COMPILATION_CONDITIONS = "DEBUG $(inherited)";
				SWIFT_EMIT_LOC_STRINGS = NO;
				SWIFT_VERSION = 5.0;
				TARGETED_DEVICE_FAMILY = "1,2";
				TEST_HOST = "$(BUILT_PRODUCTS_DIR)/BoulderLogbook.app/$(BUNDLE_EXECUTABLE_FOLDER_PATH)/BoulderLogbook";
			};
			name = Debug;
		};
		5B049E542BF0CF1B00A70A50 /* Release */ = {
			isa = XCBuildConfiguration;
			buildSettings = {
				ASSETCATALOG_COMPILER_GENERATE_SWIFT_ASSET_SYMBOL_EXTENSIONS = YES;
				BUNDLE_LOADER = "$(TEST_HOST)";
				CLANG_CXX_LANGUAGE_STANDARD = "gnu++20";
				CODE_SIGN_STYLE = Automatic;
				CURRENT_PROJECT_VERSION = 1;
				DEVELOPMENT_TEAM = SRTZB38F2W;
				GCC_C_LANGUAGE_STANDARD = gnu17;
				GENERATE_INFOPLIST_FILE = YES;
				IPHONEOS_DEPLOYMENT_TARGET = 17.2;
				LOCALIZATION_PREFERS_STRING_CATALOGS = YES;
				MARKETING_VERSION = 1.0;
				PRODUCT_BUNDLE_IDENTIFIER = com.martinlist.BoulderLogbookTests;
				PRODUCT_NAME = "$(TARGET_NAME)";
				SDKROOT = iphoneos;
				SWIFT_EMIT_LOC_STRINGS = NO;
				SWIFT_VERSION = 5.0;
				TARGETED_DEVICE_FAMILY = "1,2";
				TEST_HOST = "$(BUILT_PRODUCTS_DIR)/BoulderLogbook.app/$(BUNDLE_EXECUTABLE_FOLDER_PATH)/BoulderLogbook";
				VALIDATE_PRODUCT = YES;
			};
			name = Release;
		};
		A9B07E6D2868579900AA6274 /* Debug */ = {
			isa = XCBuildConfiguration;
			buildSettings = {
				ALWAYS_SEARCH_USER_PATHS = NO;
				CLANG_ANALYZER_NONNULL = YES;
				CLANG_ANALYZER_NUMBER_OBJECT_CONVERSION = YES_AGGRESSIVE;
				CLANG_CXX_LANGUAGE_STANDARD = "gnu++17";
				CLANG_ENABLE_MODULES = YES;
				CLANG_ENABLE_OBJC_ARC = YES;
				CLANG_ENABLE_OBJC_WEAK = YES;
				CLANG_WARN_BLOCK_CAPTURE_AUTORELEASING = YES;
				CLANG_WARN_BOOL_CONVERSION = YES;
				CLANG_WARN_COMMA = YES;
				CLANG_WARN_CONSTANT_CONVERSION = YES;
				CLANG_WARN_DEPRECATED_OBJC_IMPLEMENTATIONS = YES;
				CLANG_WARN_DIRECT_OBJC_ISA_USAGE = YES_ERROR;
				CLANG_WARN_DOCUMENTATION_COMMENTS = YES;
				CLANG_WARN_EMPTY_BODY = YES;
				CLANG_WARN_ENUM_CONVERSION = YES;
				CLANG_WARN_INFINITE_RECURSION = YES;
				CLANG_WARN_INT_CONVERSION = YES;
				CLANG_WARN_NON_LITERAL_NULL_CONVERSION = YES;
				CLANG_WARN_OBJC_IMPLICIT_RETAIN_SELF = YES;
				CLANG_WARN_OBJC_LITERAL_CONVERSION = YES;
				CLANG_WARN_OBJC_ROOT_CLASS = YES_ERROR;
				CLANG_WARN_QUOTED_INCLUDE_IN_FRAMEWORK_HEADER = YES;
				CLANG_WARN_RANGE_LOOP_ANALYSIS = YES;
				CLANG_WARN_STRICT_PROTOTYPES = YES;
				CLANG_WARN_SUSPICIOUS_MOVE = YES;
				CLANG_WARN_UNGUARDED_AVAILABILITY = YES_AGGRESSIVE;
				CLANG_WARN_UNREACHABLE_CODE = YES;
				CLANG_WARN__DUPLICATE_METHOD_MATCH = YES;
				COPY_PHASE_STRIP = NO;
				DEAD_CODE_STRIPPING = YES;
				DEBUG_INFORMATION_FORMAT = dwarf;
				ENABLE_STRICT_OBJC_MSGSEND = YES;
				ENABLE_TESTABILITY = YES;
				ENABLE_USER_SCRIPT_SANDBOXING = YES;
				GCC_C_LANGUAGE_STANDARD = gnu11;
				GCC_DYNAMIC_NO_PIC = NO;
				GCC_NO_COMMON_BLOCKS = YES;
				GCC_OPTIMIZATION_LEVEL = 0;
				GCC_PREPROCESSOR_DEFINITIONS = (
					"DEBUG=1",
					"$(inherited)",
				);
				GCC_WARN_64_TO_32_BIT_CONVERSION = YES;
				GCC_WARN_ABOUT_RETURN_TYPE = YES_ERROR;
				GCC_WARN_UNDECLARED_SELECTOR = YES;
				GCC_WARN_UNINITIALIZED_AUTOS = YES_AGGRESSIVE;
				GCC_WARN_UNUSED_FUNCTION = YES;
				GCC_WARN_UNUSED_VARIABLE = YES;
				MTL_ENABLE_DEBUG_INFO = INCLUDE_SOURCE;
				MTL_FAST_MATH = YES;
				ONLY_ACTIVE_ARCH = YES;
				SWIFT_ACTIVE_COMPILATION_CONDITIONS = DEBUG;
				SWIFT_OPTIMIZATION_LEVEL = "-Onone";
			};
			name = Debug;
		};
		A9B07E6E2868579900AA6274 /* Release */ = {
			isa = XCBuildConfiguration;
			buildSettings = {
				ALWAYS_SEARCH_USER_PATHS = NO;
				CLANG_ANALYZER_NONNULL = YES;
				CLANG_ANALYZER_NUMBER_OBJECT_CONVERSION = YES_AGGRESSIVE;
				CLANG_CXX_LANGUAGE_STANDARD = "gnu++17";
				CLANG_ENABLE_MODULES = YES;
				CLANG_ENABLE_OBJC_ARC = YES;
				CLANG_ENABLE_OBJC_WEAK = YES;
				CLANG_WARN_BLOCK_CAPTURE_AUTORELEASING = YES;
				CLANG_WARN_BOOL_CONVERSION = YES;
				CLANG_WARN_COMMA = YES;
				CLANG_WARN_CONSTANT_CONVERSION = YES;
				CLANG_WARN_DEPRECATED_OBJC_IMPLEMENTATIONS = YES;
				CLANG_WARN_DIRECT_OBJC_ISA_USAGE = YES_ERROR;
				CLANG_WARN_DOCUMENTATION_COMMENTS = YES;
				CLANG_WARN_EMPTY_BODY = YES;
				CLANG_WARN_ENUM_CONVERSION = YES;
				CLANG_WARN_INFINITE_RECURSION = YES;
				CLANG_WARN_INT_CONVERSION = YES;
				CLANG_WARN_NON_LITERAL_NULL_CONVERSION = YES;
				CLANG_WARN_OBJC_IMPLICIT_RETAIN_SELF = YES;
				CLANG_WARN_OBJC_LITERAL_CONVERSION = YES;
				CLANG_WARN_OBJC_ROOT_CLASS = YES_ERROR;
				CLANG_WARN_QUOTED_INCLUDE_IN_FRAMEWORK_HEADER = YES;
				CLANG_WARN_RANGE_LOOP_ANALYSIS = YES;
				CLANG_WARN_STRICT_PROTOTYPES = YES;
				CLANG_WARN_SUSPICIOUS_MOVE = YES;
				CLANG_WARN_UNGUARDED_AVAILABILITY = YES_AGGRESSIVE;
				CLANG_WARN_UNREACHABLE_CODE = YES;
				CLANG_WARN__DUPLICATE_METHOD_MATCH = YES;
				COPY_PHASE_STRIP = NO;
				DEAD_CODE_STRIPPING = YES;
				DEBUG_INFORMATION_FORMAT = "dwarf-with-dsym";
				ENABLE_NS_ASSERTIONS = NO;
				ENABLE_STRICT_OBJC_MSGSEND = YES;
				ENABLE_USER_SCRIPT_SANDBOXING = YES;
				GCC_C_LANGUAGE_STANDARD = gnu11;
				GCC_NO_COMMON_BLOCKS = YES;
				GCC_WARN_64_TO_32_BIT_CONVERSION = YES;
				GCC_WARN_ABOUT_RETURN_TYPE = YES_ERROR;
				GCC_WARN_UNDECLARED_SELECTOR = YES;
				GCC_WARN_UNINITIALIZED_AUTOS = YES_AGGRESSIVE;
				GCC_WARN_UNUSED_FUNCTION = YES;
				GCC_WARN_UNUSED_VARIABLE = YES;
				MTL_ENABLE_DEBUG_INFO = NO;
				MTL_FAST_MATH = YES;
				SWIFT_COMPILATION_MODE = wholemodule;
				SWIFT_OPTIMIZATION_LEVEL = "-O";
			};
			name = Release;
		};
		A9B07E702868579900AA6274 /* Debug */ = {
			isa = XCBuildConfiguration;
			buildSettings = {
				ASSETCATALOG_COMPILER_ALTERNATE_APPICON_NAMES = "AppIcon_3 AppIcon_2";
				ASSETCATALOG_COMPILER_APPICON_NAME = AppIcon;
				ASSETCATALOG_COMPILER_GLOBAL_ACCENT_COLOR_NAME = AccentColor;
				CODE_SIGN_STYLE = Automatic;
				CURRENT_PROJECT_VERSION = 1;
				DEVELOPMENT_TEAM = 4853CED358;
				ENABLE_PREVIEWS = YES;
				GENERATE_INFOPLIST_FILE = YES;
				INFOPLIST_FILE = BoulderLogbook/Info.plist;
				INFOPLIST_KEY_LSApplicationCategoryType = "public.app-category.sports";
				INFOPLIST_KEY_UIApplicationSupportsIndirectInputEvents = YES;
				INFOPLIST_KEY_UILaunchScreen_Generation = YES;
				INFOPLIST_KEY_UISupportedInterfaceOrientations_iPad = "UIInterfaceOrientationPortrait UIInterfaceOrientationPortraitUpsideDown UIInterfaceOrientationLandscapeLeft UIInterfaceOrientationLandscapeRight";
				INFOPLIST_KEY_UISupportedInterfaceOrientations_iPhone = "UIInterfaceOrientationPortrait UIInterfaceOrientationLandscapeLeft UIInterfaceOrientationLandscapeRight";
				IPHONEOS_DEPLOYMENT_TARGET = 17.0;
				LD_RUNPATH_SEARCH_PATHS = (
					"$(inherited)",
					"@executable_path/Frameworks",
				);
				MARKETING_VERSION = 1.0;
				PRODUCT_BUNDLE_IDENTIFIER = com.martinlist.BoulderLogbook;
				PRODUCT_NAME = BoulderLogbook;
				SDKROOT = iphoneos;
				SWIFT_EMIT_LOC_STRINGS = YES;
				SWIFT_VERSION = 5.0;
				TARGETED_DEVICE_FAMILY = 1;
			};
			name = Debug;
		};
		A9B07E712868579900AA6274 /* Release */ = {
			isa = XCBuildConfiguration;
			buildSettings = {
				ASSETCATALOG_COMPILER_ALTERNATE_APPICON_NAMES = "AppIcon_3 AppIcon_2";
				ASSETCATALOG_COMPILER_APPICON_NAME = AppIcon;
				ASSETCATALOG_COMPILER_GLOBAL_ACCENT_COLOR_NAME = AccentColor;
				CODE_SIGN_STYLE = Automatic;
				CURRENT_PROJECT_VERSION = 1;
				DEVELOPMENT_TEAM = 4853CED358;
				ENABLE_PREVIEWS = YES;
				GENERATE_INFOPLIST_FILE = YES;
				INFOPLIST_FILE = BoulderLogbook/Info.plist;
				INFOPLIST_KEY_LSApplicationCategoryType = "public.app-category.sports";
				INFOPLIST_KEY_UIApplicationSupportsIndirectInputEvents = YES;
				INFOPLIST_KEY_UILaunchScreen_Generation = YES;
				INFOPLIST_KEY_UISupportedInterfaceOrientations_iPad = "UIInterfaceOrientationPortrait UIInterfaceOrientationPortraitUpsideDown UIInterfaceOrientationLandscapeLeft UIInterfaceOrientationLandscapeRight";
				INFOPLIST_KEY_UISupportedInterfaceOrientations_iPhone = "UIInterfaceOrientationPortrait UIInterfaceOrientationLandscapeLeft UIInterfaceOrientationLandscapeRight";
				IPHONEOS_DEPLOYMENT_TARGET = 17.0;
				LD_RUNPATH_SEARCH_PATHS = (
					"$(inherited)",
					"@executable_path/Frameworks",
				);
				MARKETING_VERSION = 1.0;
				PRODUCT_BUNDLE_IDENTIFIER = com.martinlist.BoulderLogbook;
				PRODUCT_NAME = BoulderLogbook;
				SDKROOT = iphoneos;
				SWIFT_EMIT_LOC_STRINGS = YES;
				SWIFT_VERSION = 5.0;
				TARGETED_DEVICE_FAMILY = 1;
				VALIDATE_PRODUCT = YES;
			};
			name = Release;
		};
/* End XCBuildConfiguration section */

/* Begin XCConfigurationList section */
		5B049E522BF0CF1B00A70A50 /* Build configuration list for PBXNativeTarget "BoulderLogbookTests" */ = {
			isa = XCConfigurationList;
			buildConfigurations = (
				5B049E532BF0CF1B00A70A50 /* Debug */,
				5B049E542BF0CF1B00A70A50 /* Release */,
			);
			defaultConfigurationIsVisible = 0;
			defaultConfigurationName = Release;
		};
		A9B07E3D2868579500AA6274 /* Build configuration list for PBXProject "BoulderLogbook" */ = {
			isa = XCConfigurationList;
			buildConfigurations = (
				A9B07E6D2868579900AA6274 /* Debug */,
				A9B07E6E2868579900AA6274 /* Release */,
			);
			defaultConfigurationIsVisible = 0;
			defaultConfigurationName = Release;
		};
		A9B07E6F2868579900AA6274 /* Build configuration list for PBXNativeTarget "BoulderLogbook" */ = {
			isa = XCConfigurationList;
			buildConfigurations = (
				A9B07E702868579900AA6274 /* Debug */,
				A9B07E712868579900AA6274 /* Release */,
			);
			defaultConfigurationIsVisible = 0;
			defaultConfigurationName = Release;
		};
/* End XCConfigurationList section */

/* Begin XCRemoteSwiftPackageReference section */
		A9B07E7B2868582700AA6274 /* XCRemoteSwiftPackageReference "swift-composable-architecture" */ = {
			isa = XCRemoteSwiftPackageReference;
			repositoryURL = "https://github.com/pointfreeco/swift-composable-architecture";
			requirement = {
				kind = upToNextMinorVersion;
				minimumVersion = 1.5.5;
			};
		};
/* End XCRemoteSwiftPackageReference section */

/* Begin XCSwiftPackageProductDependency section */
		A9B07E7C2868582700AA6274 /* ComposableArchitecture */ = {
			isa = XCSwiftPackageProductDependency;
			package = A9B07E7B2868582700AA6274 /* XCRemoteSwiftPackageReference "swift-composable-architecture" */;
			productName = ComposableArchitecture;
		};
/* End XCSwiftPackageProductDependency section */

/* Begin XCVersionGroup section */
		A9BE3A472B8D159D004DD728 /* DataModel.xcdatamodeld */ = {
			isa = XCVersionGroup;
			children = (
				A9BE3A482B8D159D004DD728 /* DataModel.xcdatamodel */,
			);
			currentVersion = A9BE3A482B8D159D004DD728 /* DataModel.xcdatamodel */;
			path = DataModel.xcdatamodeld;
			sourceTree = "<group>";
			versionGroupType = wrapper.xcdatamodel;
		};
/* End XCVersionGroup section */
	};
	rootObject = A9B07E3A2868579500AA6274 /* Project object */;
}
