// !$*UTF8*$!
{
	archiveVersion = 1;
	classes = {
	};
	objectVersion = 55;
	objects = {

/* Begin PBXBuildFile section */
		5B1A806C2896DA4900530B01 /* SummarySectionView.swift in Sources */ = {isa = PBXBuildFile; fileRef = 5B1A806B2896DA4900530B01 /* SummarySectionView.swift */; };
		5B1A806E2896E3F700530B01 /* Color+Mandala.swift in Sources */ = {isa = PBXBuildFile; fileRef = 5B1A806D2896E3F700530B01 /* Color+Mandala.swift */; };
		5B1A807D28A04E7F00530B01 /* SummaryEntryView.swift in Sources */ = {isa = PBXBuildFile; fileRef = 5B1A807C28A04E7F00530B01 /* SummaryEntryView.swift */; };
		5B1A808028A7D6BF00530B01 /* Logbook.swift in Sources */ = {isa = PBXBuildFile; fileRef = 5B1A807F28A7D6BF00530B01 /* Logbook.swift */; };
		5B1A808228A7DA0D00530B01 /* Date+Additions.swift in Sources */ = {isa = PBXBuildFile; fileRef = 5B1A808128A7DA0D00530B01 /* Date+Additions.swift */; };
		5B289AD328DA1B8C00EC6F0B /* DiagramView.swift in Sources */ = {isa = PBXBuildFile; fileRef = 5B289AD228DA1B8C00EC6F0B /* DiagramView.swift */; };
		5B289AE229058BAF00EC6F0B /* FilterSheetView.swift in Sources */ = {isa = PBXBuildFile; fileRef = 5B289AE129058BAF00EC6F0B /* FilterSheetView.swift */; };
		5BC0C9BA297F204900E8C567 /* Filter.swift in Sources */ = {isa = PBXBuildFile; fileRef = 5BC0C9B9297F204900E8C567 /* Filter.swift */; };
		5BC0C9BC297F29EF00E8C567 /* FilterSheet.swift in Sources */ = {isa = PBXBuildFile; fileRef = 5BC0C9BB297F29EF00E8C567 /* FilterSheet.swift */; };
		5BC73A8B290599EC00B579D7 /* FilterView.swift in Sources */ = {isa = PBXBuildFile; fileRef = 5BC73A8A290599EC00B579D7 /* FilterView.swift */; };
		5BD8298A28B647CC0053BE8E /* EntryColorView.swift in Sources */ = {isa = PBXBuildFile; fileRef = 5BD8298928B647CC0053BE8E /* EntryColorView.swift */; };
		5BE79CC428B620820083EE33 /* Logbook.Section.swift in Sources */ = {isa = PBXBuildFile; fileRef = 5BE79CC328B620820083EE33 /* Logbook.Section.swift */; };
		5BE79CC628B6208A0083EE33 /* Logbook.Entry.swift in Sources */ = {isa = PBXBuildFile; fileRef = 5BE79CC528B6208A0083EE33 /* Logbook.Entry.swift */; };
		A936856328686CAC00E34B6C /* README.md in Resources */ = {isa = PBXBuildFile; fileRef = A936856228686CAC00E34B6C /* README.md */; };
		A9435D8429826290001DC22B /* EntryDetail.swift in Sources */ = {isa = PBXBuildFile; fileRef = A9435D8329826290001DC22B /* EntryDetail.swift */; };
		A961AB5D29827D8700AD89DD /* SummarySection.swift in Sources */ = {isa = PBXBuildFile; fileRef = A961AB5C29827D8700AD89DD /* SummarySection.swift */; };
		A961AB60298286C600AD89DD /* Diagram.swift in Sources */ = {isa = PBXBuildFile; fileRef = A961AB5E2982827A00AD89DD /* Diagram.swift */; };
		A9B07E582868579900AA6274 /* Tests_iOS.swift in Sources */ = {isa = PBXBuildFile; fileRef = A9B07E572868579900AA6274 /* Tests_iOS.swift */; };
		A9B07E5A2868579900AA6274 /* Tests_iOSLaunchTests.swift in Sources */ = {isa = PBXBuildFile; fileRef = A9B07E592868579900AA6274 /* Tests_iOSLaunchTests.swift */; };
		A9B07E672868579900AA6274 /* BoulderLogbookApp.swift in Sources */ = {isa = PBXBuildFile; fileRef = A9B07E3F2868579600AA6274 /* BoulderLogbookApp.swift */; };
		A9B07E6B2868579900AA6274 /* Assets.xcassets in Resources */ = {isa = PBXBuildFile; fileRef = A9B07E412868579900AA6274 /* Assets.xcassets */; };
		A9B07E7D2868582700AA6274 /* ComposableArchitecture in Frameworks */ = {isa = PBXBuildFile; productRef = A9B07E7C2868582700AA6274 /* ComposableArchitecture */; };
		A9B07E992868588700AA6274 /* SummaryView.swift in Sources */ = {isa = PBXBuildFile; fileRef = A9B07E7F2868588700AA6274 /* SummaryView.swift */; };
		A9B07E9B2868588700AA6274 /* SummaryEnvironment.swift in Sources */ = {isa = PBXBuildFile; fileRef = A9B07E812868588700AA6274 /* SummaryEnvironment.swift */; };
		A9B07E9D2868588700AA6274 /* SummaryReducer.swift in Sources */ = {isa = PBXBuildFile; fileRef = A9B07E822868588700AA6274 /* SummaryReducer.swift */; };
		A9B07E9F2868588700AA6274 /* SummaryAction.swift in Sources */ = {isa = PBXBuildFile; fileRef = A9B07E832868588700AA6274 /* SummaryAction.swift */; };
		A9B07EA12868588700AA6274 /* SummaryState.swift in Sources */ = {isa = PBXBuildFile; fileRef = A9B07E842868588700AA6274 /* SummaryState.swift */; };
		A9B07EA32868588700AA6274 /* AppState.swift in Sources */ = {isa = PBXBuildFile; fileRef = A9B07E872868588700AA6274 /* AppState.swift */; };
		A9B07EA52868588700AA6274 /* AppReducer.swift in Sources */ = {isa = PBXBuildFile; fileRef = A9B07E882868588700AA6274 /* AppReducer.swift */; };
		A9B07EA72868588700AA6274 /* AppAction.swift in Sources */ = {isa = PBXBuildFile; fileRef = A9B07E892868588700AA6274 /* AppAction.swift */; };
		A9B07EA92868588700AA6274 /* AppEnvironment.swift in Sources */ = {isa = PBXBuildFile; fileRef = A9B07E8A2868588700AA6274 /* AppEnvironment.swift */; };
		A9B07EAB2868588700AA6274 /* AppView.swift in Sources */ = {isa = PBXBuildFile; fileRef = A9B07E8B2868588700AA6274 /* AppView.swift */; };
		A9B07EAD2868588700AA6274 /* LogbookData.swift in Sources */ = {isa = PBXBuildFile; fileRef = A9B07E8D2868588700AA6274 /* LogbookData.swift */; };
		A9B07EAF2868588700AA6274 /* BoulderGrade.swift in Sources */ = {isa = PBXBuildFile; fileRef = A9B07E8E2868588700AA6274 /* BoulderGrade.swift */; };
		A9B07EB12868588700AA6274 /* EntryData.swift in Sources */ = {isa = PBXBuildFile; fileRef = A9B07E8F2868588700AA6274 /* EntryData.swift */; };
		A9B07EB32868588700AA6274 /* StorageService.swift in Sources */ = {isa = PBXBuildFile; fileRef = A9B07E912868588700AA6274 /* StorageService.swift */; };
		A9B07EB52868588700AA6274 /* FormAction.swift in Sources */ = {isa = PBXBuildFile; fileRef = A9B07E942868588700AA6274 /* FormAction.swift */; };
		A9B07EB72868588700AA6274 /* FormReducer.swift in Sources */ = {isa = PBXBuildFile; fileRef = A9B07E952868588700AA6274 /* FormReducer.swift */; };
		A9B07EB92868588700AA6274 /* FormState.swift in Sources */ = {isa = PBXBuildFile; fileRef = A9B07E962868588700AA6274 /* FormState.swift */; };
		A9B07EBB2868588700AA6274 /* FormEnvironment.swift in Sources */ = {isa = PBXBuildFile; fileRef = A9B07E972868588700AA6274 /* FormEnvironment.swift */; };
		A9B07EBD2868588700AA6274 /* FormView.swift in Sources */ = {isa = PBXBuildFile; fileRef = A9B07E982868588700AA6274 /* FormView.swift */; };
		A9CE6764288004E400027885 /* EntryDetailView.swift in Sources */ = {isa = PBXBuildFile; fileRef = A9CE6763288004E400027885 /* EntryDetailView.swift */; };
		A9D4995B28805069001BC4F2 /* StoreOf+EntryDetail.swift in Sources */ = {isa = PBXBuildFile; fileRef = A9D4995A28805069001BC4F2 /* StoreOf+EntryDetail.swift */; };
/* End PBXBuildFile section */

/* Begin PBXContainerItemProxy section */
		A9B07E542868579900AA6274 /* PBXContainerItemProxy */ = {
			isa = PBXContainerItemProxy;
			containerPortal = A9B07E3A2868579500AA6274 /* Project object */;
			proxyType = 1;
			remoteGlobalIDString = A9B07E452868579900AA6274;
			remoteInfo = "BoulderLogbook (iOS)";
		};
/* End PBXContainerItemProxy section */

/* Begin PBXFileReference section */
		5B1A806B2896DA4900530B01 /* SummarySectionView.swift */ = {isa = PBXFileReference; lastKnownFileType = sourcecode.swift; path = SummarySectionView.swift; sourceTree = "<group>"; };
		5B1A806D2896E3F700530B01 /* Color+Mandala.swift */ = {isa = PBXFileReference; lastKnownFileType = sourcecode.swift; path = "Color+Mandala.swift"; sourceTree = "<group>"; };
		5B1A807C28A04E7F00530B01 /* SummaryEntryView.swift */ = {isa = PBXFileReference; lastKnownFileType = sourcecode.swift; path = SummaryEntryView.swift; sourceTree = "<group>"; };
		5B1A807F28A7D6BF00530B01 /* Logbook.swift */ = {isa = PBXFileReference; lastKnownFileType = sourcecode.swift; path = Logbook.swift; sourceTree = "<group>"; };
		5B1A808128A7DA0D00530B01 /* Date+Additions.swift */ = {isa = PBXFileReference; lastKnownFileType = sourcecode.swift; path = "Date+Additions.swift"; sourceTree = "<group>"; };
		5B289AD228DA1B8C00EC6F0B /* DiagramView.swift */ = {isa = PBXFileReference; lastKnownFileType = sourcecode.swift; path = DiagramView.swift; sourceTree = "<group>"; };
		5B289AE129058BAF00EC6F0B /* FilterSheetView.swift */ = {isa = PBXFileReference; lastKnownFileType = sourcecode.swift; path = FilterSheetView.swift; sourceTree = "<group>"; };
		5BC0C9B9297F204900E8C567 /* Filter.swift */ = {isa = PBXFileReference; lastKnownFileType = sourcecode.swift; path = Filter.swift; sourceTree = "<group>"; };
		5BC0C9BB297F29EF00E8C567 /* FilterSheet.swift */ = {isa = PBXFileReference; lastKnownFileType = sourcecode.swift; path = FilterSheet.swift; sourceTree = "<group>"; };
		5BC73A8A290599EC00B579D7 /* FilterView.swift */ = {isa = PBXFileReference; lastKnownFileType = sourcecode.swift; path = FilterView.swift; sourceTree = "<group>"; };
		5BD8298928B647CC0053BE8E /* EntryColorView.swift */ = {isa = PBXFileReference; lastKnownFileType = sourcecode.swift; path = EntryColorView.swift; sourceTree = "<group>"; };
		5BE79CC328B620820083EE33 /* Logbook.Section.swift */ = {isa = PBXFileReference; lastKnownFileType = sourcecode.swift; path = Logbook.Section.swift; sourceTree = "<group>"; };
		5BE79CC528B6208A0083EE33 /* Logbook.Entry.swift */ = {isa = PBXFileReference; lastKnownFileType = sourcecode.swift; path = Logbook.Entry.swift; sourceTree = "<group>"; };
		A936856228686CAC00E34B6C /* README.md */ = {isa = PBXFileReference; fileEncoding = 4; lastKnownFileType = net.daringfireball.markdown; path = README.md; sourceTree = "<group>"; };
		A9435D8329826290001DC22B /* EntryDetail.swift */ = {isa = PBXFileReference; lastKnownFileType = sourcecode.swift; path = EntryDetail.swift; sourceTree = "<group>"; };
		A9435D8529826D6B001DC22B /* Info.plist */ = {isa = PBXFileReference; lastKnownFileType = text.plist; path = Info.plist; sourceTree = "<group>"; };
		A961AB5C29827D8700AD89DD /* SummarySection.swift */ = {isa = PBXFileReference; lastKnownFileType = sourcecode.swift; path = SummarySection.swift; sourceTree = "<group>"; };
		A961AB5E2982827A00AD89DD /* Diagram.swift */ = {isa = PBXFileReference; lastKnownFileType = sourcecode.swift; path = Diagram.swift; sourceTree = "<group>"; };
		A9B07E3F2868579600AA6274 /* BoulderLogbookApp.swift */ = {isa = PBXFileReference; lastKnownFileType = sourcecode.swift; path = BoulderLogbookApp.swift; sourceTree = "<group>"; };
		A9B07E412868579900AA6274 /* Assets.xcassets */ = {isa = PBXFileReference; lastKnownFileType = folder.assetcatalog; path = Assets.xcassets; sourceTree = "<group>"; };
		A9B07E462868579900AA6274 /* Logbook.app */ = {isa = PBXFileReference; explicitFileType = wrapper.application; includeInIndex = 0; path = Logbook.app; sourceTree = BUILT_PRODUCTS_DIR; };
		A9B07E532868579900AA6274 /* Tests iOS.xctest */ = {isa = PBXFileReference; explicitFileType = wrapper.cfbundle; includeInIndex = 0; path = "Tests iOS.xctest"; sourceTree = BUILT_PRODUCTS_DIR; };
		A9B07E572868579900AA6274 /* Tests_iOS.swift */ = {isa = PBXFileReference; lastKnownFileType = sourcecode.swift; path = Tests_iOS.swift; sourceTree = "<group>"; };
		A9B07E592868579900AA6274 /* Tests_iOSLaunchTests.swift */ = {isa = PBXFileReference; lastKnownFileType = sourcecode.swift; path = Tests_iOSLaunchTests.swift; sourceTree = "<group>"; };
		A9B07E7F2868588700AA6274 /* SummaryView.swift */ = {isa = PBXFileReference; fileEncoding = 4; lastKnownFileType = sourcecode.swift; path = SummaryView.swift; sourceTree = "<group>"; };
		A9B07E812868588700AA6274 /* SummaryEnvironment.swift */ = {isa = PBXFileReference; fileEncoding = 4; lastKnownFileType = sourcecode.swift; path = SummaryEnvironment.swift; sourceTree = "<group>"; };
		A9B07E822868588700AA6274 /* SummaryReducer.swift */ = {isa = PBXFileReference; fileEncoding = 4; lastKnownFileType = sourcecode.swift; path = SummaryReducer.swift; sourceTree = "<group>"; };
		A9B07E832868588700AA6274 /* SummaryAction.swift */ = {isa = PBXFileReference; fileEncoding = 4; lastKnownFileType = sourcecode.swift; path = SummaryAction.swift; sourceTree = "<group>"; };
		A9B07E842868588700AA6274 /* SummaryState.swift */ = {isa = PBXFileReference; fileEncoding = 4; lastKnownFileType = sourcecode.swift; path = SummaryState.swift; sourceTree = "<group>"; };
		A9B07E872868588700AA6274 /* AppState.swift */ = {isa = PBXFileReference; fileEncoding = 4; lastKnownFileType = sourcecode.swift; path = AppState.swift; sourceTree = "<group>"; };
		A9B07E882868588700AA6274 /* AppReducer.swift */ = {isa = PBXFileReference; fileEncoding = 4; lastKnownFileType = sourcecode.swift; path = AppReducer.swift; sourceTree = "<group>"; };
		A9B07E892868588700AA6274 /* AppAction.swift */ = {isa = PBXFileReference; fileEncoding = 4; lastKnownFileType = sourcecode.swift; path = AppAction.swift; sourceTree = "<group>"; };
		A9B07E8A2868588700AA6274 /* AppEnvironment.swift */ = {isa = PBXFileReference; fileEncoding = 4; lastKnownFileType = sourcecode.swift; path = AppEnvironment.swift; sourceTree = "<group>"; };
		A9B07E8B2868588700AA6274 /* AppView.swift */ = {isa = PBXFileReference; fileEncoding = 4; lastKnownFileType = sourcecode.swift; path = AppView.swift; sourceTree = "<group>"; };
		A9B07E8D2868588700AA6274 /* LogbookData.swift */ = {isa = PBXFileReference; fileEncoding = 4; lastKnownFileType = sourcecode.swift; path = LogbookData.swift; sourceTree = "<group>"; };
		A9B07E8E2868588700AA6274 /* BoulderGrade.swift */ = {isa = PBXFileReference; fileEncoding = 4; lastKnownFileType = sourcecode.swift; path = BoulderGrade.swift; sourceTree = "<group>"; };
		A9B07E8F2868588700AA6274 /* EntryData.swift */ = {isa = PBXFileReference; fileEncoding = 4; lastKnownFileType = sourcecode.swift; path = EntryData.swift; sourceTree = "<group>"; };
		A9B07E912868588700AA6274 /* StorageService.swift */ = {isa = PBXFileReference; fileEncoding = 4; lastKnownFileType = sourcecode.swift; path = StorageService.swift; sourceTree = "<group>"; };
		A9B07E942868588700AA6274 /* FormAction.swift */ = {isa = PBXFileReference; fileEncoding = 4; lastKnownFileType = sourcecode.swift; path = FormAction.swift; sourceTree = "<group>"; };
		A9B07E952868588700AA6274 /* FormReducer.swift */ = {isa = PBXFileReference; fileEncoding = 4; lastKnownFileType = sourcecode.swift; path = FormReducer.swift; sourceTree = "<group>"; };
		A9B07E962868588700AA6274 /* FormState.swift */ = {isa = PBXFileReference; fileEncoding = 4; lastKnownFileType = sourcecode.swift; path = FormState.swift; sourceTree = "<group>"; };
		A9B07E972868588700AA6274 /* FormEnvironment.swift */ = {isa = PBXFileReference; fileEncoding = 4; lastKnownFileType = sourcecode.swift; path = FormEnvironment.swift; sourceTree = "<group>"; };
		A9B07E982868588700AA6274 /* FormView.swift */ = {isa = PBXFileReference; fileEncoding = 4; lastKnownFileType = sourcecode.swift; path = FormView.swift; sourceTree = "<group>"; };
		A9CE6763288004E400027885 /* EntryDetailView.swift */ = {isa = PBXFileReference; lastKnownFileType = sourcecode.swift; path = EntryDetailView.swift; sourceTree = "<group>"; };
		A9D4995A28805069001BC4F2 /* StoreOf+EntryDetail.swift */ = {isa = PBXFileReference; lastKnownFileType = sourcecode.swift; path = "StoreOf+EntryDetail.swift"; sourceTree = "<group>"; };
/* End PBXFileReference section */

/* Begin PBXFrameworksBuildPhase section */
		A9B07E432868579900AA6274 /* Frameworks */ = {
			isa = PBXFrameworksBuildPhase;
			buildActionMask = 2147483647;
			files = (
				A9B07E7D2868582700AA6274 /* ComposableArchitecture in Frameworks */,
			);
			runOnlyForDeploymentPostprocessing = 0;
		};
		A9B07E502868579900AA6274 /* Frameworks */ = {
			isa = PBXFrameworksBuildPhase;
			buildActionMask = 2147483647;
			files = (
			);
			runOnlyForDeploymentPostprocessing = 0;
		};
/* End PBXFrameworksBuildPhase section */

/* Begin PBXGroup section */
		5B1A80762896EB7A00530B01 /* SummarySection */ = {
			isa = PBXGroup;
			children = (
				5B1A806B2896DA4900530B01 /* SummarySectionView.swift */,
				A961AB5C29827D8700AD89DD /* SummarySection.swift */,
				5B1A807E28A04E8200530B01 /* Views */,
			);
			path = SummarySection;
			sourceTree = "<group>";
		};
		5B1A80772896EBD100530B01 /* Extensions */ = {
			isa = PBXGroup;
			children = (
				5B1A806D2896E3F700530B01 /* Color+Mandala.swift */,
				5B1A808128A7DA0D00530B01 /* Date+Additions.swift */,
			);
			path = Extensions;
			sourceTree = "<group>";
		};
		5B1A807E28A04E8200530B01 /* Views */ = {
			isa = PBXGroup;
			children = (
				5B1A807C28A04E7F00530B01 /* SummaryEntryView.swift */,
				5BD8298928B647CC0053BE8E /* EntryColorView.swift */,
			);
			path = Views;
			sourceTree = "<group>";
		};
		5B289AE429058BBF00EC6F0B /* FilterSheet */ = {
			isa = PBXGroup;
			children = (
				5BC73A9429059A1200B579D7 /* Filter */,
				5B289AE129058BAF00EC6F0B /* FilterSheetView.swift */,
				5BC0C9BB297F29EF00E8C567 /* FilterSheet.swift */,
			);
			path = FilterSheet;
			sourceTree = "<group>";
		};
		5BC73A9429059A1200B579D7 /* Filter */ = {
			isa = PBXGroup;
			children = (
				5BC73A8A290599EC00B579D7 /* FilterView.swift */,
				5BC0C9B9297F204900E8C567 /* Filter.swift */,
			);
			path = Filter;
			sourceTree = "<group>";
		};
		5BEA9BBA288C251900E376E8 /* Diagram */ = {
			isa = PBXGroup;
			children = (
				A961AB5E2982827A00AD89DD /* Diagram.swift */,
				5B289AD228DA1B8C00EC6F0B /* DiagramView.swift */,
			);
			path = Diagram;
			sourceTree = "<group>";
		};
		A9B07E392868579500AA6274 = {
			isa = PBXGroup;
			children = (
				A936856228686CAC00E34B6C /* README.md */,
				A9B07E3E2868579600AA6274 /* BoulderLogbook */,
				A9B07E562868579900AA6274 /* Tests iOS */,
				A9B07E472868579900AA6274 /* Products */,
			);
			sourceTree = "<group>";
		};
		A9B07E3E2868579600AA6274 /* BoulderLogbook */ = {
			isa = PBXGroup;
			children = (
				A9435D8529826D6B001DC22B /* Info.plist */,
				A9B07E3F2868579600AA6274 /* BoulderLogbookApp.swift */,
				A9B07E852868588700AA6274 /* App */,
				5BEA9BBA288C251900E376E8 /* Diagram */,
				A9CE6761288004D300027885 /* EntryDetail */,
				5B289AE429058BBF00EC6F0B /* FilterSheet */,
				A9B07E922868588700AA6274 /* Form */,
				A9B07E7E2868588700AA6274 /* Summary */,
				5B1A80762896EB7A00530B01 /* SummarySection */,
				A9B07E412868579900AA6274 /* Assets.xcassets */,
			);
			path = BoulderLogbook;
			sourceTree = "<group>";
		};
		A9B07E472868579900AA6274 /* Products */ = {
			isa = PBXGroup;
			children = (
				A9B07E462868579900AA6274 /* Logbook.app */,
				A9B07E532868579900AA6274 /* Tests iOS.xctest */,
			);
			name = Products;
			sourceTree = "<group>";
		};
		A9B07E562868579900AA6274 /* Tests iOS */ = {
			isa = PBXGroup;
			children = (
				A9B07E572868579900AA6274 /* Tests_iOS.swift */,
				A9B07E592868579900AA6274 /* Tests_iOSLaunchTests.swift */,
			);
			path = "Tests iOS";
			sourceTree = "<group>";
		};
		A9B07E7E2868588700AA6274 /* Summary */ = {
			isa = PBXGroup;
			children = (
				A9B07E7F2868588700AA6274 /* SummaryView.swift */,
				A9B07E802868588700AA6274 /* TCA */,
			);
			path = Summary;
			sourceTree = "<group>";
		};
		A9B07E802868588700AA6274 /* TCA */ = {
			isa = PBXGroup;
			children = (
				A9B07E842868588700AA6274 /* SummaryState.swift */,
				A9B07E812868588700AA6274 /* SummaryEnvironment.swift */,
				A9B07E822868588700AA6274 /* SummaryReducer.swift */,
				A9B07E832868588700AA6274 /* SummaryAction.swift */,
			);
			path = TCA;
			sourceTree = "<group>";
		};
		A9B07E852868588700AA6274 /* App */ = {
			isa = PBXGroup;
			children = (
				A9B07E8B2868588700AA6274 /* AppView.swift */,
				A9B07E862868588700AA6274 /* TCA */,
				A9B07E8C2868588700AA6274 /* Models */,
				A9B07E902868588700AA6274 /* Services */,
				5B1A80772896EBD100530B01 /* Extensions */,
			);
			path = App;
			sourceTree = "<group>";
		};
		A9B07E862868588700AA6274 /* TCA */ = {
			isa = PBXGroup;
			children = (
				A9B07E872868588700AA6274 /* AppState.swift */,
				A9B07E882868588700AA6274 /* AppReducer.swift */,
				A9B07E892868588700AA6274 /* AppAction.swift */,
				A9B07E8A2868588700AA6274 /* AppEnvironment.swift */,
			);
			path = TCA;
			sourceTree = "<group>";
		};
		A9B07E8C2868588700AA6274 /* Models */ = {
			isa = PBXGroup;
			children = (
				A9B07E8E2868588700AA6274 /* BoulderGrade.swift */,
				A9B07E8D2868588700AA6274 /* LogbookData.swift */,
				A9B07E8F2868588700AA6274 /* EntryData.swift */,
				5B1A807F28A7D6BF00530B01 /* Logbook.swift */,
				5BE79CC328B620820083EE33 /* Logbook.Section.swift */,
				5BE79CC528B6208A0083EE33 /* Logbook.Entry.swift */,
			);
			path = Models;
			sourceTree = "<group>";
		};
		A9B07E902868588700AA6274 /* Services */ = {
			isa = PBXGroup;
			children = (
				A9B07E912868588700AA6274 /* StorageService.swift */,
			);
			path = Services;
			sourceTree = "<group>";
		};
		A9B07E922868588700AA6274 /* Form */ = {
			isa = PBXGroup;
			children = (
				A9B07E982868588700AA6274 /* FormView.swift */,
				A9B07E932868588700AA6274 /* TCA */,
			);
			path = Form;
			sourceTree = "<group>";
		};
		A9B07E932868588700AA6274 /* TCA */ = {
			isa = PBXGroup;
			children = (
				A9B07E942868588700AA6274 /* FormAction.swift */,
				A9B07E952868588700AA6274 /* FormReducer.swift */,
				A9B07E962868588700AA6274 /* FormState.swift */,
				A9B07E972868588700AA6274 /* FormEnvironment.swift */,
			);
			path = TCA;
			sourceTree = "<group>";
		};
		A9CE6761288004D300027885 /* EntryDetail */ = {
			isa = PBXGroup;
			children = (
				A9435D8329826290001DC22B /* EntryDetail.swift */,
				A9CE6763288004E400027885 /* EntryDetailView.swift */,
				A9D4995A28805069001BC4F2 /* StoreOf+EntryDetail.swift */,
			);
			path = EntryDetail;
			sourceTree = "<group>";
		};
/* End PBXGroup section */

/* Begin PBXNativeTarget section */
		A9B07E452868579900AA6274 /* BoulderLogbook */ = {
			isa = PBXNativeTarget;
			buildConfigurationList = A9B07E6F2868579900AA6274 /* Build configuration list for PBXNativeTarget "BoulderLogbook" */;
			buildPhases = (
				A9B07E422868579900AA6274 /* Sources */,
				A9B07E432868579900AA6274 /* Frameworks */,
				A9B07E442868579900AA6274 /* Resources */,
			);
			buildRules = (
			);
			dependencies = (
			);
			name = BoulderLogbook;
			packageProductDependencies = (
				A9B07E7C2868582700AA6274 /* ComposableArchitecture */,
			);
			productName = "BoulderLogbook (iOS)";
			productReference = A9B07E462868579900AA6274 /* Logbook.app */;
			productType = "com.apple.product-type.application";
		};
		A9B07E522868579900AA6274 /* Tests iOS */ = {
			isa = PBXNativeTarget;
			buildConfigurationList = A9B07E752868579900AA6274 /* Build configuration list for PBXNativeTarget "Tests iOS" */;
			buildPhases = (
				A9B07E4F2868579900AA6274 /* Sources */,
				A9B07E502868579900AA6274 /* Frameworks */,
				A9B07E512868579900AA6274 /* Resources */,
			);
			buildRules = (
			);
			dependencies = (
				A9B07E552868579900AA6274 /* PBXTargetDependency */,
			);
			name = "Tests iOS";
			productName = "Tests iOS";
			productReference = A9B07E532868579900AA6274 /* Tests iOS.xctest */;
			productType = "com.apple.product-type.bundle.ui-testing";
		};
/* End PBXNativeTarget section */

/* Begin PBXProject section */
		A9B07E3A2868579500AA6274 /* Project object */ = {
			isa = PBXProject;
			attributes = {
				BuildIndependentTargetsInParallel = 1;
				LastSwiftUpdateCheck = 1330;
				LastUpgradeCheck = 1410;
				TargetAttributes = {
					A9B07E452868579900AA6274 = {
						CreatedOnToolsVersion = 13.3.1;
					};
					A9B07E522868579900AA6274 = {
						CreatedOnToolsVersion = 13.3.1;
						TestTargetID = A9B07E452868579900AA6274;
					};
				};
			};
			buildConfigurationList = A9B07E3D2868579500AA6274 /* Build configuration list for PBXProject "BoulderLogbook" */;
			compatibilityVersion = "Xcode 13.0";
			developmentRegion = en;
			hasScannedForEncodings = 0;
			knownRegions = (
				en,
				Base,
			);
			mainGroup = A9B07E392868579500AA6274;
			packageReferences = (
				A9B07E7B2868582700AA6274 /* XCRemoteSwiftPackageReference "swift-composable-architecture" */,
			);
			productRefGroup = A9B07E472868579900AA6274 /* Products */;
			projectDirPath = "";
			projectRoot = "";
			targets = (
				A9B07E452868579900AA6274 /* BoulderLogbook */,
				A9B07E522868579900AA6274 /* Tests iOS */,
			);
		};
/* End PBXProject section */

/* Begin PBXResourcesBuildPhase section */
		A9B07E442868579900AA6274 /* Resources */ = {
			isa = PBXResourcesBuildPhase;
			buildActionMask = 2147483647;
			files = (
				A936856328686CAC00E34B6C /* README.md in Resources */,
				A9B07E6B2868579900AA6274 /* Assets.xcassets in Resources */,
			);
			runOnlyForDeploymentPostprocessing = 0;
		};
		A9B07E512868579900AA6274 /* Resources */ = {
			isa = PBXResourcesBuildPhase;
			buildActionMask = 2147483647;
			files = (
			);
			runOnlyForDeploymentPostprocessing = 0;
		};
/* End PBXResourcesBuildPhase section */

/* Begin PBXSourcesBuildPhase section */
		A9B07E422868579900AA6274 /* Sources */ = {
			isa = PBXSourcesBuildPhase;
			buildActionMask = 2147483647;
			files = (
				5BC73A8B290599EC00B579D7 /* FilterView.swift in Sources */,
				A9B07E9F2868588700AA6274 /* SummaryAction.swift in Sources */,
				5B1A806C2896DA4900530B01 /* SummarySectionView.swift in Sources */,
				A9B07EAD2868588700AA6274 /* LogbookData.swift in Sources */,
				A9B07E672868579900AA6274 /* BoulderLogbookApp.swift in Sources */,
				A961AB60298286C600AD89DD /* Diagram.swift in Sources */,
				A9B07EA32868588700AA6274 /* AppState.swift in Sources */,
				5B289AE229058BAF00EC6F0B /* FilterSheetView.swift in Sources */,
				5B1A808028A7D6BF00530B01 /* Logbook.swift in Sources */,
				5BC0C9BA297F204900E8C567 /* Filter.swift in Sources */,
				A9435D8429826290001DC22B /* EntryDetail.swift in Sources */,
				5B1A806E2896E3F700530B01 /* Color+Mandala.swift in Sources */,
				A9B07EA12868588700AA6274 /* SummaryState.swift in Sources */,
				A9B07EAB2868588700AA6274 /* AppView.swift in Sources */,
				5BE79CC628B6208A0083EE33 /* Logbook.Entry.swift in Sources */,
				A9B07EA72868588700AA6274 /* AppAction.swift in Sources */,
				A961AB5D29827D8700AD89DD /* SummarySection.swift in Sources */,
				A9B07EB92868588700AA6274 /* FormState.swift in Sources */,
				A9B07EA92868588700AA6274 /* AppEnvironment.swift in Sources */,
				5B1A807D28A04E7F00530B01 /* SummaryEntryView.swift in Sources */,
				A9B07EB12868588700AA6274 /* EntryData.swift in Sources */,
				A9CE6764288004E400027885 /* EntryDetailView.swift in Sources */,
				5BD8298A28B647CC0053BE8E /* EntryColorView.swift in Sources */,
				A9D4995B28805069001BC4F2 /* StoreOf+EntryDetail.swift in Sources */,
				A9B07E992868588700AA6274 /* SummaryView.swift in Sources */,
				A9B07EBB2868588700AA6274 /* FormEnvironment.swift in Sources */,
				A9B07EBD2868588700AA6274 /* FormView.swift in Sources */,
				A9B07EB32868588700AA6274 /* StorageService.swift in Sources */,
				A9B07E9B2868588700AA6274 /* SummaryEnvironment.swift in Sources */,
				5B289AD328DA1B8C00EC6F0B /* DiagramView.swift in Sources */,
				A9B07EB72868588700AA6274 /* FormReducer.swift in Sources */,
				A9B07EA52868588700AA6274 /* AppReducer.swift in Sources */,
				A9B07EB52868588700AA6274 /* FormAction.swift in Sources */,
				5BE79CC428B620820083EE33 /* Logbook.Section.swift in Sources */,
				A9B07E9D2868588700AA6274 /* SummaryReducer.swift in Sources */,
				A9B07EAF2868588700AA6274 /* BoulderGrade.swift in Sources */,
				5B1A808228A7DA0D00530B01 /* Date+Additions.swift in Sources */,
				5BC0C9BC297F29EF00E8C567 /* FilterSheet.swift in Sources */,
			);
			runOnlyForDeploymentPostprocessing = 0;
		};
		A9B07E4F2868579900AA6274 /* Sources */ = {
			isa = PBXSourcesBuildPhase;
			buildActionMask = 2147483647;
			files = (
				A9B07E5A2868579900AA6274 /* Tests_iOSLaunchTests.swift in Sources */,
				A9B07E582868579900AA6274 /* Tests_iOS.swift in Sources */,
			);
			runOnlyForDeploymentPostprocessing = 0;
		};
/* End PBXSourcesBuildPhase section */

/* Begin PBXTargetDependency section */
		A9B07E552868579900AA6274 /* PBXTargetDependency */ = {
			isa = PBXTargetDependency;
			target = A9B07E452868579900AA6274 /* BoulderLogbook */;
			targetProxy = A9B07E542868579900AA6274 /* PBXContainerItemProxy */;
		};
/* End PBXTargetDependency section */

/* Begin XCBuildConfiguration section */
		A9B07E6D2868579900AA6274 /* Debug */ = {
			isa = XCBuildConfiguration;
			buildSettings = {
				ALWAYS_SEARCH_USER_PATHS = NO;
				CLANG_ANALYZER_NONNULL = YES;
				CLANG_ANALYZER_NUMBER_OBJECT_CONVERSION = YES_AGGRESSIVE;
				CLANG_CXX_LANGUAGE_STANDARD = "gnu++17";
				CLANG_ENABLE_MODULES = YES;
				CLANG_ENABLE_OBJC_ARC = YES;
				CLANG_ENABLE_OBJC_WEAK = YES;
				CLANG_WARN_BLOCK_CAPTURE_AUTORELEASING = YES;
				CLANG_WARN_BOOL_CONVERSION = YES;
				CLANG_WARN_COMMA = YES;
				CLANG_WARN_CONSTANT_CONVERSION = YES;
				CLANG_WARN_DEPRECATED_OBJC_IMPLEMENTATIONS = YES;
				CLANG_WARN_DIRECT_OBJC_ISA_USAGE = YES_ERROR;
				CLANG_WARN_DOCUMENTATION_COMMENTS = YES;
				CLANG_WARN_EMPTY_BODY = YES;
				CLANG_WARN_ENUM_CONVERSION = YES;
				CLANG_WARN_INFINITE_RECURSION = YES;
				CLANG_WARN_INT_CONVERSION = YES;
				CLANG_WARN_NON_LITERAL_NULL_CONVERSION = YES;
				CLANG_WARN_OBJC_IMPLICIT_RETAIN_SELF = YES;
				CLANG_WARN_OBJC_LITERAL_CONVERSION = YES;
				CLANG_WARN_OBJC_ROOT_CLASS = YES_ERROR;
				CLANG_WARN_QUOTED_INCLUDE_IN_FRAMEWORK_HEADER = YES;
				CLANG_WARN_RANGE_LOOP_ANALYSIS = YES;
				CLANG_WARN_STRICT_PROTOTYPES = YES;
				CLANG_WARN_SUSPICIOUS_MOVE = YES;
				CLANG_WARN_UNGUARDED_AVAILABILITY = YES_AGGRESSIVE;
				CLANG_WARN_UNREACHABLE_CODE = YES;
				CLANG_WARN__DUPLICATE_METHOD_MATCH = YES;
				COPY_PHASE_STRIP = NO;
				DEAD_CODE_STRIPPING = YES;
				DEBUG_INFORMATION_FORMAT = dwarf;
				ENABLE_STRICT_OBJC_MSGSEND = YES;
				ENABLE_TESTABILITY = YES;
				GCC_C_LANGUAGE_STANDARD = gnu11;
				GCC_DYNAMIC_NO_PIC = NO;
				GCC_NO_COMMON_BLOCKS = YES;
				GCC_OPTIMIZATION_LEVEL = 0;
				GCC_PREPROCESSOR_DEFINITIONS = (
					"DEBUG=1",
					"$(inherited)",
				);
				GCC_WARN_64_TO_32_BIT_CONVERSION = YES;
				GCC_WARN_ABOUT_RETURN_TYPE = YES_ERROR;
				GCC_WARN_UNDECLARED_SELECTOR = YES;
				GCC_WARN_UNINITIALIZED_AUTOS = YES_AGGRESSIVE;
				GCC_WARN_UNUSED_FUNCTION = YES;
				GCC_WARN_UNUSED_VARIABLE = YES;
				MTL_ENABLE_DEBUG_INFO = INCLUDE_SOURCE;
				MTL_FAST_MATH = YES;
				ONLY_ACTIVE_ARCH = YES;
				SWIFT_ACTIVE_COMPILATION_CONDITIONS = DEBUG;
				SWIFT_OPTIMIZATION_LEVEL = "-Onone";
			};
			name = Debug;
		};
		A9B07E6E2868579900AA6274 /* Release */ = {
			isa = XCBuildConfiguration;
			buildSettings = {
				ALWAYS_SEARCH_USER_PATHS = NO;
				CLANG_ANALYZER_NONNULL = YES;
				CLANG_ANALYZER_NUMBER_OBJECT_CONVERSION = YES_AGGRESSIVE;
				CLANG_CXX_LANGUAGE_STANDARD = "gnu++17";
				CLANG_ENABLE_MODULES = YES;
				CLANG_ENABLE_OBJC_ARC = YES;
				CLANG_ENABLE_OBJC_WEAK = YES;
				CLANG_WARN_BLOCK_CAPTURE_AUTORELEASING = YES;
				CLANG_WARN_BOOL_CONVERSION = YES;
				CLANG_WARN_COMMA = YES;
				CLANG_WARN_CONSTANT_CONVERSION = YES;
				CLANG_WARN_DEPRECATED_OBJC_IMPLEMENTATIONS = YES;
				CLANG_WARN_DIRECT_OBJC_ISA_USAGE = YES_ERROR;
				CLANG_WARN_DOCUMENTATION_COMMENTS = YES;
				CLANG_WARN_EMPTY_BODY = YES;
				CLANG_WARN_ENUM_CONVERSION = YES;
				CLANG_WARN_INFINITE_RECURSION = YES;
				CLANG_WARN_INT_CONVERSION = YES;
				CLANG_WARN_NON_LITERAL_NULL_CONVERSION = YES;
				CLANG_WARN_OBJC_IMPLICIT_RETAIN_SELF = YES;
				CLANG_WARN_OBJC_LITERAL_CONVERSION = YES;
				CLANG_WARN_OBJC_ROOT_CLASS = YES_ERROR;
				CLANG_WARN_QUOTED_INCLUDE_IN_FRAMEWORK_HEADER = YES;
				CLANG_WARN_RANGE_LOOP_ANALYSIS = YES;
				CLANG_WARN_STRICT_PROTOTYPES = YES;
				CLANG_WARN_SUSPICIOUS_MOVE = YES;
				CLANG_WARN_UNGUARDED_AVAILABILITY = YES_AGGRESSIVE;
				CLANG_WARN_UNREACHABLE_CODE = YES;
				CLANG_WARN__DUPLICATE_METHOD_MATCH = YES;
				COPY_PHASE_STRIP = NO;
				DEAD_CODE_STRIPPING = YES;
				DEBUG_INFORMATION_FORMAT = "dwarf-with-dsym";
				ENABLE_NS_ASSERTIONS = NO;
				ENABLE_STRICT_OBJC_MSGSEND = YES;
				GCC_C_LANGUAGE_STANDARD = gnu11;
				GCC_NO_COMMON_BLOCKS = YES;
				GCC_WARN_64_TO_32_BIT_CONVERSION = YES;
				GCC_WARN_ABOUT_RETURN_TYPE = YES_ERROR;
				GCC_WARN_UNDECLARED_SELECTOR = YES;
				GCC_WARN_UNINITIALIZED_AUTOS = YES_AGGRESSIVE;
				GCC_WARN_UNUSED_FUNCTION = YES;
				GCC_WARN_UNUSED_VARIABLE = YES;
				MTL_ENABLE_DEBUG_INFO = NO;
				MTL_FAST_MATH = YES;
				SWIFT_COMPILATION_MODE = wholemodule;
				SWIFT_OPTIMIZATION_LEVEL = "-O";
			};
			name = Release;
		};
		A9B07E702868579900AA6274 /* Debug */ = {
			isa = XCBuildConfiguration;
			buildSettings = {
				ASSETCATALOG_COMPILER_APPICON_NAME = AppIcon;
				ASSETCATALOG_COMPILER_GLOBAL_ACCENT_COLOR_NAME = AccentColor;
				CODE_SIGN_STYLE = Automatic;
				CURRENT_PROJECT_VERSION = 1;
				DEVELOPMENT_TEAM = 4853CED358;
				ENABLE_PREVIEWS = YES;
				GENERATE_INFOPLIST_FILE = YES;
				INFOPLIST_FILE = BoulderLogbook/Info.plist;
				INFOPLIST_KEY_UIApplicationSupportsIndirectInputEvents = YES;
				INFOPLIST_KEY_UILaunchScreen_Generation = YES;
				INFOPLIST_KEY_UISupportedInterfaceOrientations_iPad = "UIInterfaceOrientationPortrait UIInterfaceOrientationPortraitUpsideDown UIInterfaceOrientationLandscapeLeft UIInterfaceOrientationLandscapeRight";
				INFOPLIST_KEY_UISupportedInterfaceOrientations_iPhone = "UIInterfaceOrientationPortrait UIInterfaceOrientationLandscapeLeft UIInterfaceOrientationLandscapeRight";
				IPHONEOS_DEPLOYMENT_TARGET = 16.0;
				LD_RUNPATH_SEARCH_PATHS = (
					"$(inherited)",
					"@executable_path/Frameworks",
				);
				MARKETING_VERSION = 1.0;
				PRODUCT_BUNDLE_IDENTIFIER = com.martinlist.BoulderLogbook;
				PRODUCT_NAME = Logbook;
				SDKROOT = iphoneos;
				SWIFT_EMIT_LOC_STRINGS = YES;
				SWIFT_VERSION = 5.0;
				TARGETED_DEVICE_FAMILY = "1,2";
			};
			name = Debug;
		};
		A9B07E712868579900AA6274 /* Release */ = {
			isa = XCBuildConfiguration;
			buildSettings = {
				ASSETCATALOG_COMPILER_APPICON_NAME = AppIcon;
				ASSETCATALOG_COMPILER_GLOBAL_ACCENT_COLOR_NAME = AccentColor;
				CODE_SIGN_STYLE = Automatic;
				CURRENT_PROJECT_VERSION = 1;
				DEVELOPMENT_TEAM = 4853CED358;
				ENABLE_PREVIEWS = YES;
				GENERATE_INFOPLIST_FILE = YES;
				INFOPLIST_FILE = BoulderLogbook/Info.plist;
				INFOPLIST_KEY_UIApplicationSupportsIndirectInputEvents = YES;
				INFOPLIST_KEY_UILaunchScreen_Generation = YES;
				INFOPLIST_KEY_UISupportedInterfaceOrientations_iPad = "UIInterfaceOrientationPortrait UIInterfaceOrientationPortraitUpsideDown UIInterfaceOrientationLandscapeLeft UIInterfaceOrientationLandscapeRight";
				INFOPLIST_KEY_UISupportedInterfaceOrientations_iPhone = "UIInterfaceOrientationPortrait UIInterfaceOrientationLandscapeLeft UIInterfaceOrientationLandscapeRight";
				IPHONEOS_DEPLOYMENT_TARGET = 16.0;
				LD_RUNPATH_SEARCH_PATHS = (
					"$(inherited)",
					"@executable_path/Frameworks",
				);
				MARKETING_VERSION = 1.0;
				PRODUCT_BUNDLE_IDENTIFIER = com.martinlist.BoulderLogbook;
				PRODUCT_NAME = Logbook;
				SDKROOT = iphoneos;
				SWIFT_EMIT_LOC_STRINGS = YES;
				SWIFT_VERSION = 5.0;
				TARGETED_DEVICE_FAMILY = "1,2";
				VALIDATE_PRODUCT = YES;
			};
			name = Release;
		};
		A9B07E762868579900AA6274 /* Debug */ = {
			isa = XCBuildConfiguration;
			buildSettings = {
				ALWAYS_EMBED_SWIFT_STANDARD_LIBRARIES = YES;
				CODE_SIGN_STYLE = Automatic;
				CURRENT_PROJECT_VERSION = 1;
				DEVELOPMENT_TEAM = F9XCK3V2AT;
				GENERATE_INFOPLIST_FILE = YES;
				IPHONEOS_DEPLOYMENT_TARGET = 15.4;
				MARKETING_VERSION = 1.0;
				PRODUCT_BUNDLE_IDENTIFIER = "com.martinlist.Tests-iOS";
				PRODUCT_NAME = "$(TARGET_NAME)";
				SDKROOT = iphoneos;
				SWIFT_EMIT_LOC_STRINGS = NO;
				SWIFT_VERSION = 5.0;
				TARGETED_DEVICE_FAMILY = "1,2";
				TEST_TARGET_NAME = "BoulderLogbook (iOS)";
			};
			name = Debug;
		};
		A9B07E772868579900AA6274 /* Release */ = {
			isa = XCBuildConfiguration;
			buildSettings = {
				ALWAYS_EMBED_SWIFT_STANDARD_LIBRARIES = YES;
				CODE_SIGN_STYLE = Automatic;
				CURRENT_PROJECT_VERSION = 1;
				DEVELOPMENT_TEAM = F9XCK3V2AT;
				GENERATE_INFOPLIST_FILE = YES;
				IPHONEOS_DEPLOYMENT_TARGET = 15.4;
				MARKETING_VERSION = 1.0;
				PRODUCT_BUNDLE_IDENTIFIER = "com.martinlist.Tests-iOS";
				PRODUCT_NAME = "$(TARGET_NAME)";
				SDKROOT = iphoneos;
				SWIFT_EMIT_LOC_STRINGS = NO;
				SWIFT_VERSION = 5.0;
				TARGETED_DEVICE_FAMILY = "1,2";
				TEST_TARGET_NAME = "BoulderLogbook (iOS)";
				VALIDATE_PRODUCT = YES;
			};
			name = Release;
		};
/* End XCBuildConfiguration section */

/* Begin XCConfigurationList section */
		A9B07E3D2868579500AA6274 /* Build configuration list for PBXProject "BoulderLogbook" */ = {
			isa = XCConfigurationList;
			buildConfigurations = (
				A9B07E6D2868579900AA6274 /* Debug */,
				A9B07E6E2868579900AA6274 /* Release */,
			);
			defaultConfigurationIsVisible = 0;
			defaultConfigurationName = Release;
		};
		A9B07E6F2868579900AA6274 /* Build configuration list for PBXNativeTarget "BoulderLogbook" */ = {
			isa = XCConfigurationList;
			buildConfigurations = (
				A9B07E702868579900AA6274 /* Debug */,
				A9B07E712868579900AA6274 /* Release */,
			);
			defaultConfigurationIsVisible = 0;
			defaultConfigurationName = Release;
		};
		A9B07E752868579900AA6274 /* Build configuration list for PBXNativeTarget "Tests iOS" */ = {
			isa = XCConfigurationList;
			buildConfigurations = (
				A9B07E762868579900AA6274 /* Debug */,
				A9B07E772868579900AA6274 /* Release */,
			);
			defaultConfigurationIsVisible = 0;
			defaultConfigurationName = Release;
		};
/* End XCConfigurationList section */

/* Begin XCRemoteSwiftPackageReference section */
		A9B07E7B2868582700AA6274 /* XCRemoteSwiftPackageReference "swift-composable-architecture" */ = {
			isa = XCRemoteSwiftPackageReference;
			repositoryURL = "https://github.com/pointfreeco/swift-composable-architecture";
			requirement = {
				kind = upToNextMinorVersion;
				minimumVersion = 0.49.0;
			};
		};
/* End XCRemoteSwiftPackageReference section */

/* Begin XCSwiftPackageProductDependency section */
		A9B07E7C2868582700AA6274 /* ComposableArchitecture */ = {
			isa = XCSwiftPackageProductDependency;
			package = A9B07E7B2868582700AA6274 /* XCRemoteSwiftPackageReference "swift-composable-architecture" */;
			productName = ComposableArchitecture;
		};
/* End XCSwiftPackageProductDependency section */
	};
	rootObject = A9B07E3A2868579500AA6274 /* Project object */;
}
